// !$*UTF8*$!
{
	archiveVersion = 1;
	classes = {
	};
	objectVersion = 56;
	objects = {

/* Begin PBXBuildFile section */
		FB12C64F2BFD951100B6E171 /* PrepareApp.swift in Sources */ = {isa = PBXBuildFile; fileRef = FB12C64E2BFD951100B6E171 /* PrepareApp.swift */; };
		FB12C6512BFD951100B6E171 /* ContentView.swift in Sources */ = {isa = PBXBuildFile; fileRef = FB12C6502BFD951100B6E171 /* ContentView.swift */; };
		FB12C6532BFD951200B6E171 /* Assets.xcassets in Resources */ = {isa = PBXBuildFile; fileRef = FB12C6522BFD951200B6E171 /* Assets.xcassets */; };
		FB12C6562BFD951200B6E171 /* Preview Assets.xcassets in Resources */ = {isa = PBXBuildFile; fileRef = FB12C6552BFD951200B6E171 /* Preview Assets.xcassets */; };
		FB12C6602BFD951200B6E171 /* PrepareTests.swift in Sources */ = {isa = PBXBuildFile; fileRef = FB12C65F2BFD951200B6E171 /* PrepareTests.swift */; };
		FB12C66A2BFD951200B6E171 /* PrepareUITests.swift in Sources */ = {isa = PBXBuildFile; fileRef = FB12C6692BFD951200B6E171 /* PrepareUITests.swift */; };
		FB12C66C2BFD951200B6E171 /* PrepareUITestsLaunchTests.swift in Sources */ = {isa = PBXBuildFile; fileRef = FB12C66B2BFD951200B6E171 /* PrepareUITestsLaunchTests.swift */; };
		FB12C6722BFD951200B6E171 /* Prepare Watch App.app in Embed Watch Content */ = {isa = PBXBuildFile; fileRef = FB12C6712BFD951200B6E171 /* Prepare Watch App.app */; settings = {ATTRIBUTES = (RemoveHeadersOnCopy, ); }; };
		FB12C6772BFD951200B6E171 /* PrepareApp.swift in Sources */ = {isa = PBXBuildFile; fileRef = FB12C6762BFD951200B6E171 /* PrepareApp.swift */; };
		FB12C67B2BFD951300B6E171 /* Assets.xcassets in Resources */ = {isa = PBXBuildFile; fileRef = FB12C67A2BFD951300B6E171 /* Assets.xcassets */; };
		FB12C67E2BFD951300B6E171 /* Preview Assets.xcassets in Resources */ = {isa = PBXBuildFile; fileRef = FB12C67D2BFD951300B6E171 /* Preview Assets.xcassets */; };
		FB12C6882BFD951300B6E171 /* Prepare_Watch_AppTests.swift in Sources */ = {isa = PBXBuildFile; fileRef = FB12C6872BFD951300B6E171 /* Prepare_Watch_AppTests.swift */; };
		FB12C6922BFD951300B6E171 /* Prepare_Watch_AppUITests.swift in Sources */ = {isa = PBXBuildFile; fileRef = FB12C6912BFD951300B6E171 /* Prepare_Watch_AppUITests.swift */; };
		FB12C6942BFD951300B6E171 /* Prepare_Watch_AppUITestsLaunchTests.swift in Sources */ = {isa = PBXBuildFile; fileRef = FB12C6932BFD951300B6E171 /* Prepare_Watch_AppUITestsLaunchTests.swift */; };
		FB12C6AF2BFD96CB00B6E171 /* StartView.swift in Sources */ = {isa = PBXBuildFile; fileRef = FB12C6AE2BFD96CB00B6E171 /* StartView.swift */; };
		FB12C6B22BFDB5C200B6E171 /* WorkoutView.swift in Sources */ = {isa = PBXBuildFile; fileRef = FB12C6B12BFDB5C200B6E171 /* WorkoutView.swift */; };
		FB12C6B52BFDB79200B6E171 /* SDWebImageSwiftUI in Frameworks */ = {isa = PBXBuildFile; productRef = FB12C6B42BFDB79200B6E171 /* SDWebImageSwiftUI */; };
		FB12C6B82BFDBB9E00B6E171 /* AnimatedImage.swift in Sources */ = {isa = PBXBuildFile; fileRef = FB12C6B72BFDBB9E00B6E171 /* AnimatedImage.swift */; };
		FB12C6BB2BFDBE5400B6E171 /* WorkoutModel.swift in Sources */ = {isa = PBXBuildFile; fileRef = FB12C6BA2BFDBE5400B6E171 /* WorkoutModel.swift */; };
		FB12C6BE2BFDBF3300B6E171 /* InfoWorkoutComponent.swift in Sources */ = {isa = PBXBuildFile; fileRef = FB12C6BD2BFDBF3300B6E171 /* InfoWorkoutComponent.swift */; };
		FB12C6C02BFDCA2F00B6E171 /* CustomButtonStyle.swift in Sources */ = {isa = PBXBuildFile; fileRef = FB12C6BF2BFDCA2F00B6E171 /* CustomButtonStyle.swift */; };
		FB12C6C42BFDD06B00B6E171 /* SDWebImageWebPCoder in Frameworks */ = {isa = PBXBuildFile; productRef = FB12C6C32BFDD06B00B6E171 /* SDWebImageWebPCoder */; };
		FB12C6C72BFDD49600B6E171 /* workout-push-up.webp in Resources */ = {isa = PBXBuildFile; fileRef = FB12C6C62BFDD49600B6E171 /* workout-push-up.webp */; };
		FB12C6C92BFDD7AE00B6E171 /* Anton-Regular.ttf in Resources */ = {isa = PBXBuildFile; fileRef = FB12C6C82BFDD7AE00B6E171 /* Anton-Regular.ttf */; };
		FB12C6CC2BFDE1A400B6E171 /* Router.swift in Sources */ = {isa = PBXBuildFile; fileRef = FB12C6CB2BFDE1A400B6E171 /* Router.swift */; };
		FB12C6CF2BFDE22000B6E171 /* DescriptionWorkoutView.swift in Sources */ = {isa = PBXBuildFile; fileRef = FB12C6CE2BFDE22000B6E171 /* DescriptionWorkoutView.swift */; };
		FB12C6D22BFDE89900B6E171 /* DateGameView.swift in Sources */ = {isa = PBXBuildFile; fileRef = FB12C6D12BFDE89900B6E171 /* DateGameView.swift */; };
		FB12C6D52BFDEE1100B6E171 /* WorkoutTypeView.swift in Sources */ = {isa = PBXBuildFile; fileRef = FB12C6D42BFDEE1100B6E171 /* WorkoutTypeView.swift */; };
		FB12C6D72BFDEE3400B6E171 /* MainView.swift in Sources */ = {isa = PBXBuildFile; fileRef = FB12C6D62BFDEE3400B6E171 /* MainView.swift */; };
		FB78D5FA2C01A24100AAB89E /* Color.swift in Sources */ = {isa = PBXBuildFile; fileRef = FB78D5F92C01A24100AAB89E /* Color.swift */; };
		FB78D5FC2C01A31300AAB89E /* WorkoutTypeModel.swift in Sources */ = {isa = PBXBuildFile; fileRef = FB78D5FB2C01A31300AAB89E /* WorkoutTypeModel.swift */; };
		FB78D5FF2C01CCC400AAB89E /* ListTabView.swift in Sources */ = {isa = PBXBuildFile; fileRef = FB78D5FE2C01CCC400AAB89E /* ListTabView.swift */; };
		FB78D6012C01CCD000AAB89E /* ControlsView.swift in Sources */ = {isa = PBXBuildFile; fileRef = FB78D6002C01CCD000AAB89E /* ControlsView.swift */; };
		FB78D6032C0218B500AAB89E /* DailyActivityView.swift in Sources */ = {isa = PBXBuildFile; fileRef = FB78D6022C0218B500AAB89E /* DailyActivityView.swift */; };
		FB78D6052C02331000AAB89E /* push-up-w.png in Resources */ = {isa = PBXBuildFile; fileRef = FB78D6042C02331000AAB89E /* push-up-w.png */; };
/* End PBXBuildFile section */

/* Begin PBXContainerItemProxy section */
		FB12C65C2BFD951200B6E171 /* PBXContainerItemProxy */ = {
			isa = PBXContainerItemProxy;
			containerPortal = FB12C6432BFD951000B6E171 /* Project object */;
			proxyType = 1;
			remoteGlobalIDString = FB12C64A2BFD951100B6E171;
			remoteInfo = Prepare;
		};
		FB12C6662BFD951200B6E171 /* PBXContainerItemProxy */ = {
			isa = PBXContainerItemProxy;
			containerPortal = FB12C6432BFD951000B6E171 /* Project object */;
			proxyType = 1;
			remoteGlobalIDString = FB12C64A2BFD951100B6E171;
			remoteInfo = Prepare;
		};
		FB12C6732BFD951200B6E171 /* PBXContainerItemProxy */ = {
			isa = PBXContainerItemProxy;
			containerPortal = FB12C6432BFD951000B6E171 /* Project object */;
			proxyType = 1;
			remoteGlobalIDString = FB12C6702BFD951200B6E171;
			remoteInfo = "Prepare Watch App";
		};
		FB12C6842BFD951300B6E171 /* PBXContainerItemProxy */ = {
			isa = PBXContainerItemProxy;
			containerPortal = FB12C6432BFD951000B6E171 /* Project object */;
			proxyType = 1;
			remoteGlobalIDString = FB12C6702BFD951200B6E171;
			remoteInfo = "Prepare Watch App";
		};
		FB12C68E2BFD951300B6E171 /* PBXContainerItemProxy */ = {
			isa = PBXContainerItemProxy;
			containerPortal = FB12C6432BFD951000B6E171 /* Project object */;
			proxyType = 1;
			remoteGlobalIDString = FB12C6702BFD951200B6E171;
			remoteInfo = "Prepare Watch App";
		};
/* End PBXContainerItemProxy section */

/* Begin PBXCopyFilesBuildPhase section */
		FB12C69A2BFD951300B6E171 /* Embed Watch Content */ = {
			isa = PBXCopyFilesBuildPhase;
			buildActionMask = 2147483647;
			dstPath = "$(CONTENTS_FOLDER_PATH)/Watch";
			dstSubfolderSpec = 16;
			files = (
				FB12C6722BFD951200B6E171 /* Prepare Watch App.app in Embed Watch Content */,
			);
			name = "Embed Watch Content";
			runOnlyForDeploymentPostprocessing = 0;
		};
/* End PBXCopyFilesBuildPhase section */

/* Begin PBXFileReference section */
		FB12C64B2BFD951100B6E171 /* Prepare.app */ = {isa = PBXFileReference; explicitFileType = wrapper.application; includeInIndex = 0; path = Prepare.app; sourceTree = BUILT_PRODUCTS_DIR; };
		FB12C64E2BFD951100B6E171 /* PrepareApp.swift */ = {isa = PBXFileReference; lastKnownFileType = sourcecode.swift; path = PrepareApp.swift; sourceTree = "<group>"; };
		FB12C6502BFD951100B6E171 /* ContentView.swift */ = {isa = PBXFileReference; lastKnownFileType = sourcecode.swift; path = ContentView.swift; sourceTree = "<group>"; };
		FB12C6522BFD951200B6E171 /* Assets.xcassets */ = {isa = PBXFileReference; lastKnownFileType = folder.assetcatalog; path = Assets.xcassets; sourceTree = "<group>"; };
		FB12C6552BFD951200B6E171 /* Preview Assets.xcassets */ = {isa = PBXFileReference; lastKnownFileType = folder.assetcatalog; path = "Preview Assets.xcassets"; sourceTree = "<group>"; };
		FB12C65B2BFD951200B6E171 /* PrepareTests.xctest */ = {isa = PBXFileReference; explicitFileType = wrapper.cfbundle; includeInIndex = 0; path = PrepareTests.xctest; sourceTree = BUILT_PRODUCTS_DIR; };
		FB12C65F2BFD951200B6E171 /* PrepareTests.swift */ = {isa = PBXFileReference; lastKnownFileType = sourcecode.swift; path = PrepareTests.swift; sourceTree = "<group>"; };
		FB12C6652BFD951200B6E171 /* PrepareUITests.xctest */ = {isa = PBXFileReference; explicitFileType = wrapper.cfbundle; includeInIndex = 0; path = PrepareUITests.xctest; sourceTree = BUILT_PRODUCTS_DIR; };
		FB12C6692BFD951200B6E171 /* PrepareUITests.swift */ = {isa = PBXFileReference; lastKnownFileType = sourcecode.swift; path = PrepareUITests.swift; sourceTree = "<group>"; };
		FB12C66B2BFD951200B6E171 /* PrepareUITestsLaunchTests.swift */ = {isa = PBXFileReference; lastKnownFileType = sourcecode.swift; path = PrepareUITestsLaunchTests.swift; sourceTree = "<group>"; };
		FB12C6712BFD951200B6E171 /* Prepare Watch App.app */ = {isa = PBXFileReference; explicitFileType = wrapper.application; includeInIndex = 0; path = "Prepare Watch App.app"; sourceTree = BUILT_PRODUCTS_DIR; };
		FB12C6762BFD951200B6E171 /* PrepareApp.swift */ = {isa = PBXFileReference; lastKnownFileType = sourcecode.swift; path = PrepareApp.swift; sourceTree = "<group>"; };
		FB12C67A2BFD951300B6E171 /* Assets.xcassets */ = {isa = PBXFileReference; lastKnownFileType = folder.assetcatalog; path = Assets.xcassets; sourceTree = "<group>"; };
		FB12C67D2BFD951300B6E171 /* Preview Assets.xcassets */ = {isa = PBXFileReference; lastKnownFileType = folder.assetcatalog; path = "Preview Assets.xcassets"; sourceTree = "<group>"; };
		FB12C6832BFD951300B6E171 /* Prepare Watch AppTests.xctest */ = {isa = PBXFileReference; explicitFileType = wrapper.cfbundle; includeInIndex = 0; path = "Prepare Watch AppTests.xctest"; sourceTree = BUILT_PRODUCTS_DIR; };
		FB12C6872BFD951300B6E171 /* Prepare_Watch_AppTests.swift */ = {isa = PBXFileReference; lastKnownFileType = sourcecode.swift; path = Prepare_Watch_AppTests.swift; sourceTree = "<group>"; };
		FB12C68D2BFD951300B6E171 /* Prepare Watch AppUITests.xctest */ = {isa = PBXFileReference; explicitFileType = wrapper.cfbundle; includeInIndex = 0; path = "Prepare Watch AppUITests.xctest"; sourceTree = BUILT_PRODUCTS_DIR; };
		FB12C6912BFD951300B6E171 /* Prepare_Watch_AppUITests.swift */ = {isa = PBXFileReference; lastKnownFileType = sourcecode.swift; path = Prepare_Watch_AppUITests.swift; sourceTree = "<group>"; };
		FB12C6932BFD951300B6E171 /* Prepare_Watch_AppUITestsLaunchTests.swift */ = {isa = PBXFileReference; lastKnownFileType = sourcecode.swift; path = Prepare_Watch_AppUITestsLaunchTests.swift; sourceTree = "<group>"; };
		FB12C6AE2BFD96CB00B6E171 /* StartView.swift */ = {isa = PBXFileReference; lastKnownFileType = sourcecode.swift; path = StartView.swift; sourceTree = "<group>"; };
		FB12C6B12BFDB5C200B6E171 /* WorkoutView.swift */ = {isa = PBXFileReference; lastKnownFileType = sourcecode.swift; path = WorkoutView.swift; sourceTree = "<group>"; };
		FB12C6B72BFDBB9E00B6E171 /* AnimatedImage.swift */ = {isa = PBXFileReference; lastKnownFileType = sourcecode.swift; path = AnimatedImage.swift; sourceTree = "<group>"; };
		FB12C6BA2BFDBE5400B6E171 /* WorkoutModel.swift */ = {isa = PBXFileReference; lastKnownFileType = sourcecode.swift; path = WorkoutModel.swift; sourceTree = "<group>"; };
		FB12C6BD2BFDBF3300B6E171 /* InfoWorkoutComponent.swift */ = {isa = PBXFileReference; lastKnownFileType = sourcecode.swift; path = InfoWorkoutComponent.swift; sourceTree = "<group>"; };
		FB12C6BF2BFDCA2F00B6E171 /* CustomButtonStyle.swift */ = {isa = PBXFileReference; lastKnownFileType = sourcecode.swift; path = CustomButtonStyle.swift; sourceTree = "<group>"; };
		FB12C6C62BFDD49600B6E171 /* workout-push-up.webp */ = {isa = PBXFileReference; lastKnownFileType = file; path = "workout-push-up.webp"; sourceTree = "<group>"; };
		FB12C6C82BFDD7AE00B6E171 /* Anton-Regular.ttf */ = {isa = PBXFileReference; lastKnownFileType = file; path = "Anton-Regular.ttf"; sourceTree = "<group>"; };
		FB12C6CA2BFDD83700B6E171 /* Prepare-Watch-App-Info.plist */ = {isa = PBXFileReference; lastKnownFileType = text.plist; path = "Prepare-Watch-App-Info.plist"; sourceTree = SOURCE_ROOT; };
		FB12C6CB2BFDE1A400B6E171 /* Router.swift */ = {isa = PBXFileReference; lastKnownFileType = sourcecode.swift; path = Router.swift; sourceTree = "<group>"; };
		FB12C6CE2BFDE22000B6E171 /* DescriptionWorkoutView.swift */ = {isa = PBXFileReference; lastKnownFileType = sourcecode.swift; path = DescriptionWorkoutView.swift; sourceTree = "<group>"; };
		FB12C6D12BFDE89900B6E171 /* DateGameView.swift */ = {isa = PBXFileReference; lastKnownFileType = sourcecode.swift; path = DateGameView.swift; sourceTree = "<group>"; };
		FB12C6D42BFDEE1100B6E171 /* WorkoutTypeView.swift */ = {isa = PBXFileReference; lastKnownFileType = sourcecode.swift; path = WorkoutTypeView.swift; sourceTree = "<group>"; };
		FB12C6D62BFDEE3400B6E171 /* MainView.swift */ = {isa = PBXFileReference; lastKnownFileType = sourcecode.swift; path = MainView.swift; sourceTree = "<group>"; };
		FB78D5F92C01A24100AAB89E /* Color.swift */ = {isa = PBXFileReference; lastKnownFileType = sourcecode.swift; path = Color.swift; sourceTree = "<group>"; };
		FB78D5FB2C01A31300AAB89E /* WorkoutTypeModel.swift */ = {isa = PBXFileReference; lastKnownFileType = sourcecode.swift; path = WorkoutTypeModel.swift; sourceTree = "<group>"; };
		FB78D5FE2C01CCC400AAB89E /* ListTabView.swift */ = {isa = PBXFileReference; lastKnownFileType = sourcecode.swift; path = ListTabView.swift; sourceTree = "<group>"; };
		FB78D6002C01CCD000AAB89E /* ControlsView.swift */ = {isa = PBXFileReference; lastKnownFileType = sourcecode.swift; path = ControlsView.swift; sourceTree = "<group>"; };
		FB78D6022C0218B500AAB89E /* DailyActivityView.swift */ = {isa = PBXFileReference; lastKnownFileType = sourcecode.swift; path = DailyActivityView.swift; sourceTree = "<group>"; };
		FB78D6042C02331000AAB89E /* push-up-w.png */ = {isa = PBXFileReference; explicitFileType = image.png; path = "push-up-w.png"; sourceTree = "<group>"; };
/* End PBXFileReference section */

/* Begin PBXFrameworksBuildPhase section */
		FB12C6482BFD951100B6E171 /* Frameworks */ = {
			isa = PBXFrameworksBuildPhase;
			buildActionMask = 2147483647;
			files = (
			);
			runOnlyForDeploymentPostprocessing = 0;
		};
		FB12C6582BFD951200B6E171 /* Frameworks */ = {
			isa = PBXFrameworksBuildPhase;
			buildActionMask = 2147483647;
			files = (
			);
			runOnlyForDeploymentPostprocessing = 0;
		};
		FB12C6622BFD951200B6E171 /* Frameworks */ = {
			isa = PBXFrameworksBuildPhase;
			buildActionMask = 2147483647;
			files = (
			);
			runOnlyForDeploymentPostprocessing = 0;
		};
		FB12C66E2BFD951200B6E171 /* Frameworks */ = {
			isa = PBXFrameworksBuildPhase;
			buildActionMask = 2147483647;
			files = (
				FB12C6C42BFDD06B00B6E171 /* SDWebImageWebPCoder in Frameworks */,
				FB12C6B52BFDB79200B6E171 /* SDWebImageSwiftUI in Frameworks */,
			);
			runOnlyForDeploymentPostprocessing = 0;
		};
		FB12C6802BFD951300B6E171 /* Frameworks */ = {
			isa = PBXFrameworksBuildPhase;
			buildActionMask = 2147483647;
			files = (
			);
			runOnlyForDeploymentPostprocessing = 0;
		};
		FB12C68A2BFD951300B6E171 /* Frameworks */ = {
			isa = PBXFrameworksBuildPhase;
			buildActionMask = 2147483647;
			files = (
			);
			runOnlyForDeploymentPostprocessing = 0;
		};
/* End PBXFrameworksBuildPhase section */

/* Begin PBXGroup section */
		FB12C6422BFD951000B6E171 = {
			isa = PBXGroup;
			children = (
				FB12C64D2BFD951100B6E171 /* Prepare */,
				FB12C65E2BFD951200B6E171 /* PrepareTests */,
				FB12C6682BFD951200B6E171 /* PrepareUITests */,
				FB12C6752BFD951200B6E171 /* Prepare Watch App */,
				FB12C6862BFD951300B6E171 /* Prepare Watch AppTests */,
				FB12C6902BFD951300B6E171 /* Prepare Watch AppUITests */,
				FB12C64C2BFD951100B6E171 /* Products */,
				FB12C6C22BFDD06B00B6E171 /* Frameworks */,
			);
			sourceTree = "<group>";
		};
		FB12C64C2BFD951100B6E171 /* Products */ = {
			isa = PBXGroup;
			children = (
				FB12C64B2BFD951100B6E171 /* Prepare.app */,
				FB12C65B2BFD951200B6E171 /* PrepareTests.xctest */,
				FB12C6652BFD951200B6E171 /* PrepareUITests.xctest */,
				FB12C6712BFD951200B6E171 /* Prepare Watch App.app */,
				FB12C6832BFD951300B6E171 /* Prepare Watch AppTests.xctest */,
				FB12C68D2BFD951300B6E171 /* Prepare Watch AppUITests.xctest */,
			);
			name = Products;
			sourceTree = "<group>";
		};
		FB12C64D2BFD951100B6E171 /* Prepare */ = {
			isa = PBXGroup;
			children = (
				FB12C64E2BFD951100B6E171 /* PrepareApp.swift */,
				FB12C6502BFD951100B6E171 /* ContentView.swift */,
				FB12C6522BFD951200B6E171 /* Assets.xcassets */,
				FB12C6542BFD951200B6E171 /* Preview Content */,
			);
			path = Prepare;
			sourceTree = "<group>";
		};
		FB12C6542BFD951200B6E171 /* Preview Content */ = {
			isa = PBXGroup;
			children = (
				FB12C6552BFD951200B6E171 /* Preview Assets.xcassets */,
			);
			path = "Preview Content";
			sourceTree = "<group>";
		};
		FB12C65E2BFD951200B6E171 /* PrepareTests */ = {
			isa = PBXGroup;
			children = (
				FB12C65F2BFD951200B6E171 /* PrepareTests.swift */,
			);
			path = PrepareTests;
			sourceTree = "<group>";
		};
		FB12C6682BFD951200B6E171 /* PrepareUITests */ = {
			isa = PBXGroup;
			children = (
				FB12C6692BFD951200B6E171 /* PrepareUITests.swift */,
				FB12C66B2BFD951200B6E171 /* PrepareUITestsLaunchTests.swift */,
			);
			path = PrepareUITests;
			sourceTree = "<group>";
		};
		FB12C6752BFD951200B6E171 /* Prepare Watch App */ = {
			isa = PBXGroup;
			children = (
				FB12C6AB2BFD955000B6E171 /* App */,
				FB12C67A2BFD951300B6E171 /* Assets.xcassets */,
				FB12C6D82BFDEE3E00B6E171 /* Data */,
				FB12C6B92BFDBE4000B6E171 /* Model */,
				FB12C6CA2BFDD83700B6E171 /* Prepare-Watch-App-Info.plist */,
				FB12C67C2BFD951300B6E171 /* Preview Content */,
				FB12C6D92BFDEE4300B6E171 /* Repository */,
				FB12C6C52BFDD45900B6E171 /* Resource */,
				FB12C6AA2BFD954800B6E171 /* View */,
			);
			path = "Prepare Watch App";
			sourceTree = "<group>";
		};
		FB12C67C2BFD951300B6E171 /* Preview Content */ = {
			isa = PBXGroup;
			children = (
				FB12C67D2BFD951300B6E171 /* Preview Assets.xcassets */,
			);
			path = "Preview Content";
			sourceTree = "<group>";
		};
		FB12C6862BFD951300B6E171 /* Prepare Watch AppTests */ = {
			isa = PBXGroup;
			children = (
				FB12C6872BFD951300B6E171 /* Prepare_Watch_AppTests.swift */,
			);
			path = "Prepare Watch AppTests";
			sourceTree = "<group>";
		};
		FB12C6902BFD951300B6E171 /* Prepare Watch AppUITests */ = {
			isa = PBXGroup;
			children = (
				FB12C6912BFD951300B6E171 /* Prepare_Watch_AppUITests.swift */,
				FB12C6932BFD951300B6E171 /* Prepare_Watch_AppUITestsLaunchTests.swift */,
			);
			path = "Prepare Watch AppUITests";
			sourceTree = "<group>";
		};
		FB12C6AA2BFD954800B6E171 /* View */ = {
			isa = PBXGroup;
			children = (
				FB12C6B62BFDBB8C00B6E171 /* Component */,
				FB12C6D02BFDE88B00B6E171 /* Date Game */,
				FB12C6CD2BFDE1FE00B6E171 /* Description Workout */,
				FB12C6AD2BFD96A500B6E171 /* Main */,
				FB12C6AC2BFD969E00B6E171 /* Start */,
				FB12C6B02BFDB57A00B6E171 /* Workout */,
				FB12C6D32BFDEE0100B6E171 /* Workout Type */,
			);
			path = View;
			sourceTree = "<group>";
		};
		FB12C6AB2BFD955000B6E171 /* App */ = {
			isa = PBXGroup;
			children = (
				FB78D5F82C01A22D00AAB89E /* Util */,
				FB12C6DA2BFE23D600B6E171 /* Router */,
				FB12C6762BFD951200B6E171 /* PrepareApp.swift */,
			);
			path = App;
			sourceTree = "<group>";
		};
		FB12C6AC2BFD969E00B6E171 /* Start */ = {
			isa = PBXGroup;
			children = (
				FB12C6AE2BFD96CB00B6E171 /* StartView.swift */,
			);
			path = Start;
			sourceTree = "<group>";
		};
		FB12C6AD2BFD96A500B6E171 /* Main */ = {
			isa = PBXGroup;
			children = (
				FB78D5FD2C01AD1700AAB89E /* Tab */,
				FB12C6D62BFDEE3400B6E171 /* MainView.swift */,
			);
			path = Main;
			sourceTree = "<group>";
		};
		FB12C6B02BFDB57A00B6E171 /* Workout */ = {
			isa = PBXGroup;
			children = (
				FB12C6BC2BFDBF1D00B6E171 /* Component */,
				FB12C6B12BFDB5C200B6E171 /* WorkoutView.swift */,
			);
			path = Workout;
			sourceTree = "<group>";
		};
		FB12C6B62BFDBB8C00B6E171 /* Component */ = {
			isa = PBXGroup;
			children = (
				FB12C6BF2BFDCA2F00B6E171 /* CustomButtonStyle.swift */,
				FB12C6B72BFDBB9E00B6E171 /* AnimatedImage.swift */,
			);
			path = Component;
			sourceTree = "<group>";
		};
		FB12C6B92BFDBE4000B6E171 /* Model */ = {
			isa = PBXGroup;
			children = (
				FB12C6BA2BFDBE5400B6E171 /* WorkoutModel.swift */,
				FB78D5FB2C01A31300AAB89E /* WorkoutTypeModel.swift */,
			);
			path = Model;
			sourceTree = "<group>";
		};
		FB12C6BC2BFDBF1D00B6E171 /* Component */ = {
			isa = PBXGroup;
			children = (
				FB12C6BD2BFDBF3300B6E171 /* InfoWorkoutComponent.swift */,
			);
			path = Component;
			sourceTree = "<group>";
		};
		FB12C6C22BFDD06B00B6E171 /* Frameworks */ = {
			isa = PBXGroup;
			children = (
			);
			name = Frameworks;
			sourceTree = "<group>";
		};
		FB12C6C52BFDD45900B6E171 /* Resource */ = {
			isa = PBXGroup;
			children = (
				FB78D6042C02331000AAB89E /* push-up-w.png */,
				FB12C6C82BFDD7AE00B6E171 /* Anton-Regular.ttf */,
				FB12C6C62BFDD49600B6E171 /* workout-push-up.webp */,
			);
			path = Resource;
			sourceTree = "<group>";
		};
		FB12C6CD2BFDE1FE00B6E171 /* Description Workout */ = {
			isa = PBXGroup;
			children = (
				FB12C6CE2BFDE22000B6E171 /* DescriptionWorkoutView.swift */,
			);
			path = "Description Workout";
			sourceTree = "<group>";
		};
		FB12C6D02BFDE88B00B6E171 /* Date Game */ = {
			isa = PBXGroup;
			children = (
				FB12C6D12BFDE89900B6E171 /* DateGameView.swift */,
			);
			path = "Date Game";
			sourceTree = "<group>";
		};
		FB12C6D32BFDEE0100B6E171 /* Workout Type */ = {
			isa = PBXGroup;
			children = (
				FB12C6D42BFDEE1100B6E171 /* WorkoutTypeView.swift */,
			);
			path = "Workout Type";
			sourceTree = "<group>";
		};
		FB12C6D82BFDEE3E00B6E171 /* Data */ = {
			isa = PBXGroup;
			children = (
			);
			path = Data;
			sourceTree = "<group>";
		};
		FB12C6D92BFDEE4300B6E171 /* Repository */ = {
			isa = PBXGroup;
			children = (
			);
			path = Repository;
			sourceTree = "<group>";
		};
		FB12C6DA2BFE23D600B6E171 /* Router */ = {
			isa = PBXGroup;
			children = (
				FB12C6CB2BFDE1A400B6E171 /* Router.swift */,
			);
			path = Router;
			sourceTree = "<group>";
		};
		FB78D5F82C01A22D00AAB89E /* Util */ = {
			isa = PBXGroup;
			children = (
				FB78D5F92C01A24100AAB89E /* Color.swift */,
			);
			path = Util;
			sourceTree = "<group>";
		};
		FB78D5FD2C01AD1700AAB89E /* Tab */ = {
			isa = PBXGroup;
			children = (
				FB78D5FE2C01CCC400AAB89E /* ListTabView.swift */,
				FB78D6002C01CCD000AAB89E /* ControlsView.swift */,
				FB78D6022C0218B500AAB89E /* DailyActivityView.swift */,
			);
			path = Tab;
			sourceTree = "<group>";
		};
/* End PBXGroup section */

/* Begin PBXNativeTarget section */
		FB12C64A2BFD951100B6E171 /* Prepare */ = {
			isa = PBXNativeTarget;
			buildConfigurationList = FB12C69B2BFD951300B6E171 /* Build configuration list for PBXNativeTarget "Prepare" */;
			buildPhases = (
				FB12C6472BFD951100B6E171 /* Sources */,
				FB12C6482BFD951100B6E171 /* Frameworks */,
				FB12C6492BFD951100B6E171 /* Resources */,
				FB12C69A2BFD951300B6E171 /* Embed Watch Content */,
			);
			buildRules = (
			);
			dependencies = (
				FB12C6742BFD951200B6E171 /* PBXTargetDependency */,
			);
			name = Prepare;
			productName = Prepare;
			productReference = FB12C64B2BFD951100B6E171 /* Prepare.app */;
			productType = "com.apple.product-type.application";
		};
		FB12C65A2BFD951200B6E171 /* PrepareTests */ = {
			isa = PBXNativeTarget;
			buildConfigurationList = FB12C69E2BFD951300B6E171 /* Build configuration list for PBXNativeTarget "PrepareTests" */;
			buildPhases = (
				FB12C6572BFD951200B6E171 /* Sources */,
				FB12C6582BFD951200B6E171 /* Frameworks */,
				FB12C6592BFD951200B6E171 /* Resources */,
			);
			buildRules = (
			);
			dependencies = (
				FB12C65D2BFD951200B6E171 /* PBXTargetDependency */,
			);
			name = PrepareTests;
			productName = PrepareTests;
			productReference = FB12C65B2BFD951200B6E171 /* PrepareTests.xctest */;
			productType = "com.apple.product-type.bundle.unit-test";
		};
		FB12C6642BFD951200B6E171 /* PrepareUITests */ = {
			isa = PBXNativeTarget;
			buildConfigurationList = FB12C6A12BFD951300B6E171 /* Build configuration list for PBXNativeTarget "PrepareUITests" */;
			buildPhases = (
				FB12C6612BFD951200B6E171 /* Sources */,
				FB12C6622BFD951200B6E171 /* Frameworks */,
				FB12C6632BFD951200B6E171 /* Resources */,
			);
			buildRules = (
			);
			dependencies = (
				FB12C6672BFD951200B6E171 /* PBXTargetDependency */,
			);
			name = PrepareUITests;
			productName = PrepareUITests;
			productReference = FB12C6652BFD951200B6E171 /* PrepareUITests.xctest */;
			productType = "com.apple.product-type.bundle.ui-testing";
		};
		FB12C6702BFD951200B6E171 /* Prepare Watch App */ = {
			isa = PBXNativeTarget;
			buildConfigurationList = FB12C6972BFD951300B6E171 /* Build configuration list for PBXNativeTarget "Prepare Watch App" */;
			buildPhases = (
				FB12C66D2BFD951200B6E171 /* Sources */,
				FB12C66E2BFD951200B6E171 /* Frameworks */,
				FB12C66F2BFD951200B6E171 /* Resources */,
			);
			buildRules = (
			);
			dependencies = (
			);
			name = "Prepare Watch App";
			packageProductDependencies = (
				FB12C6B42BFDB79200B6E171 /* SDWebImageSwiftUI */,
				FB12C6C32BFDD06B00B6E171 /* SDWebImageWebPCoder */,
			);
			productName = "Prepare Watch App";
			productReference = FB12C6712BFD951200B6E171 /* Prepare Watch App.app */;
			productType = "com.apple.product-type.application";
		};
		FB12C6822BFD951300B6E171 /* Prepare Watch AppTests */ = {
			isa = PBXNativeTarget;
			buildConfigurationList = FB12C6A42BFD951300B6E171 /* Build configuration list for PBXNativeTarget "Prepare Watch AppTests" */;
			buildPhases = (
				FB12C67F2BFD951300B6E171 /* Sources */,
				FB12C6802BFD951300B6E171 /* Frameworks */,
				FB12C6812BFD951300B6E171 /* Resources */,
			);
			buildRules = (
			);
			dependencies = (
				FB12C6852BFD951300B6E171 /* PBXTargetDependency */,
			);
			name = "Prepare Watch AppTests";
			productName = "Prepare Watch AppTests";
			productReference = FB12C6832BFD951300B6E171 /* Prepare Watch AppTests.xctest */;
			productType = "com.apple.product-type.bundle.unit-test";
		};
		FB12C68C2BFD951300B6E171 /* Prepare Watch AppUITests */ = {
			isa = PBXNativeTarget;
			buildConfigurationList = FB12C6A72BFD951300B6E171 /* Build configuration list for PBXNativeTarget "Prepare Watch AppUITests" */;
			buildPhases = (
				FB12C6892BFD951300B6E171 /* Sources */,
				FB12C68A2BFD951300B6E171 /* Frameworks */,
				FB12C68B2BFD951300B6E171 /* Resources */,
			);
			buildRules = (
			);
			dependencies = (
				FB12C68F2BFD951300B6E171 /* PBXTargetDependency */,
			);
			name = "Prepare Watch AppUITests";
			productName = "Prepare Watch AppUITests";
			productReference = FB12C68D2BFD951300B6E171 /* Prepare Watch AppUITests.xctest */;
			productType = "com.apple.product-type.bundle.ui-testing";
		};
/* End PBXNativeTarget section */

/* Begin PBXProject section */
		FB12C6432BFD951000B6E171 /* Project object */ = {
			isa = PBXProject;
			attributes = {
				BuildIndependentTargetsInParallel = 1;
				LastSwiftUpdateCheck = 1540;
				LastUpgradeCheck = 1540;
				TargetAttributes = {
					FB12C64A2BFD951100B6E171 = {
						CreatedOnToolsVersion = 15.4;
					};
					FB12C65A2BFD951200B6E171 = {
						CreatedOnToolsVersion = 15.4;
						TestTargetID = FB12C64A2BFD951100B6E171;
					};
					FB12C6642BFD951200B6E171 = {
						CreatedOnToolsVersion = 15.4;
						TestTargetID = FB12C64A2BFD951100B6E171;
					};
					FB12C6702BFD951200B6E171 = {
						CreatedOnToolsVersion = 15.4;
					};
					FB12C6822BFD951300B6E171 = {
						CreatedOnToolsVersion = 15.4;
						TestTargetID = FB12C6702BFD951200B6E171;
					};
					FB12C68C2BFD951300B6E171 = {
						CreatedOnToolsVersion = 15.4;
						TestTargetID = FB12C6702BFD951200B6E171;
					};
				};
			};
			buildConfigurationList = FB12C6462BFD951000B6E171 /* Build configuration list for PBXProject "Prepare" */;
			compatibilityVersion = "Xcode 14.0";
			developmentRegion = en;
			hasScannedForEncodings = 0;
			knownRegions = (
				en,
				Base,
			);
			mainGroup = FB12C6422BFD951000B6E171;
			packageReferences = (
				FB12C6B32BFDB79200B6E171 /* XCRemoteSwiftPackageReference "SDWebImageSwiftUI" */,
				FB12C6C12BFDD01F00B6E171 /* XCRemoteSwiftPackageReference "SDWebImageWebPCoder" */,
			);
			productRefGroup = FB12C64C2BFD951100B6E171 /* Products */;
			projectDirPath = "";
			projectRoot = "";
			targets = (
				FB12C64A2BFD951100B6E171 /* Prepare */,
				FB12C65A2BFD951200B6E171 /* PrepareTests */,
				FB12C6642BFD951200B6E171 /* PrepareUITests */,
				FB12C6702BFD951200B6E171 /* Prepare Watch App */,
				FB12C6822BFD951300B6E171 /* Prepare Watch AppTests */,
				FB12C68C2BFD951300B6E171 /* Prepare Watch AppUITests */,
			);
		};
/* End PBXProject section */

/* Begin PBXResourcesBuildPhase section */
		FB12C6492BFD951100B6E171 /* Resources */ = {
			isa = PBXResourcesBuildPhase;
			buildActionMask = 2147483647;
			files = (
				FB12C6562BFD951200B6E171 /* Preview Assets.xcassets in Resources */,
				FB12C6532BFD951200B6E171 /* Assets.xcassets in Resources */,
			);
			runOnlyForDeploymentPostprocessing = 0;
		};
		FB12C6592BFD951200B6E171 /* Resources */ = {
			isa = PBXResourcesBuildPhase;
			buildActionMask = 2147483647;
			files = (
			);
			runOnlyForDeploymentPostprocessing = 0;
		};
		FB12C6632BFD951200B6E171 /* Resources */ = {
			isa = PBXResourcesBuildPhase;
			buildActionMask = 2147483647;
			files = (
			);
			runOnlyForDeploymentPostprocessing = 0;
		};
		FB12C66F2BFD951200B6E171 /* Resources */ = {
			isa = PBXResourcesBuildPhase;
			buildActionMask = 2147483647;
			files = (
				FB78D6052C02331000AAB89E /* push-up-w.png in Resources */,
				FB12C6C92BFDD7AE00B6E171 /* Anton-Regular.ttf in Resources */,
				FB12C67E2BFD951300B6E171 /* Preview Assets.xcassets in Resources */,
				FB12C67B2BFD951300B6E171 /* Assets.xcassets in Resources */,
				FB12C6C72BFDD49600B6E171 /* workout-push-up.webp in Resources */,
			);
			runOnlyForDeploymentPostprocessing = 0;
		};
		FB12C6812BFD951300B6E171 /* Resources */ = {
			isa = PBXResourcesBuildPhase;
			buildActionMask = 2147483647;
			files = (
			);
			runOnlyForDeploymentPostprocessing = 0;
		};
		FB12C68B2BFD951300B6E171 /* Resources */ = {
			isa = PBXResourcesBuildPhase;
			buildActionMask = 2147483647;
			files = (
			);
			runOnlyForDeploymentPostprocessing = 0;
		};
/* End PBXResourcesBuildPhase section */

/* Begin PBXSourcesBuildPhase section */
		FB12C6472BFD951100B6E171 /* Sources */ = {
			isa = PBXSourcesBuildPhase;
			buildActionMask = 2147483647;
			files = (
				FB12C6512BFD951100B6E171 /* ContentView.swift in Sources */,
				FB12C64F2BFD951100B6E171 /* PrepareApp.swift in Sources */,
			);
			runOnlyForDeploymentPostprocessing = 0;
		};
		FB12C6572BFD951200B6E171 /* Sources */ = {
			isa = PBXSourcesBuildPhase;
			buildActionMask = 2147483647;
			files = (
				FB12C6602BFD951200B6E171 /* PrepareTests.swift in Sources */,
			);
			runOnlyForDeploymentPostprocessing = 0;
		};
		FB12C6612BFD951200B6E171 /* Sources */ = {
			isa = PBXSourcesBuildPhase;
			buildActionMask = 2147483647;
			files = (
				FB12C66C2BFD951200B6E171 /* PrepareUITestsLaunchTests.swift in Sources */,
				FB12C66A2BFD951200B6E171 /* PrepareUITests.swift in Sources */,
			);
			runOnlyForDeploymentPostprocessing = 0;
		};
		FB12C66D2BFD951200B6E171 /* Sources */ = {
			isa = PBXSourcesBuildPhase;
			buildActionMask = 2147483647;
			files = (
				FB78D5FF2C01CCC400AAB89E /* ListTabView.swift in Sources */,
				FB12C6CC2BFDE1A400B6E171 /* Router.swift in Sources */,
				FB12C6D72BFDEE3400B6E171 /* MainView.swift in Sources */,
				FB12C6AF2BFD96CB00B6E171 /* StartView.swift in Sources */,
				FB12C6B22BFDB5C200B6E171 /* WorkoutView.swift in Sources */,
				FB78D5FA2C01A24100AAB89E /* Color.swift in Sources */,
				FB12C6BE2BFDBF3300B6E171 /* InfoWorkoutComponent.swift in Sources */,
				FB12C6B82BFDBB9E00B6E171 /* AnimatedImage.swift in Sources */,
				FB12C6772BFD951200B6E171 /* PrepareApp.swift in Sources */,
				FB12C6D52BFDEE1100B6E171 /* WorkoutTypeView.swift in Sources */,
				FB78D6032C0218B500AAB89E /* DailyActivityView.swift in Sources */,
				FB78D5FC2C01A31300AAB89E /* WorkoutTypeModel.swift in Sources */,
				FB12C6D22BFDE89900B6E171 /* DateGameView.swift in Sources */,
				FB78D6012C01CCD000AAB89E /* ControlsView.swift in Sources */,
				FB12C6C02BFDCA2F00B6E171 /* CustomButtonStyle.swift in Sources */,
				FB12C6BB2BFDBE5400B6E171 /* WorkoutModel.swift in Sources */,
				FB12C6CF2BFDE22000B6E171 /* DescriptionWorkoutView.swift in Sources */,
			);
			runOnlyForDeploymentPostprocessing = 0;
		};
		FB12C67F2BFD951300B6E171 /* Sources */ = {
			isa = PBXSourcesBuildPhase;
			buildActionMask = 2147483647;
			files = (
				FB12C6882BFD951300B6E171 /* Prepare_Watch_AppTests.swift in Sources */,
			);
			runOnlyForDeploymentPostprocessing = 0;
		};
		FB12C6892BFD951300B6E171 /* Sources */ = {
			isa = PBXSourcesBuildPhase;
			buildActionMask = 2147483647;
			files = (
				FB12C6942BFD951300B6E171 /* Prepare_Watch_AppUITestsLaunchTests.swift in Sources */,
				FB12C6922BFD951300B6E171 /* Prepare_Watch_AppUITests.swift in Sources */,
			);
			runOnlyForDeploymentPostprocessing = 0;
		};
/* End PBXSourcesBuildPhase section */

/* Begin PBXTargetDependency section */
		FB12C65D2BFD951200B6E171 /* PBXTargetDependency */ = {
			isa = PBXTargetDependency;
			target = FB12C64A2BFD951100B6E171 /* Prepare */;
			targetProxy = FB12C65C2BFD951200B6E171 /* PBXContainerItemProxy */;
		};
		FB12C6672BFD951200B6E171 /* PBXTargetDependency */ = {
			isa = PBXTargetDependency;
			target = FB12C64A2BFD951100B6E171 /* Prepare */;
			targetProxy = FB12C6662BFD951200B6E171 /* PBXContainerItemProxy */;
		};
		FB12C6742BFD951200B6E171 /* PBXTargetDependency */ = {
			isa = PBXTargetDependency;
			target = FB12C6702BFD951200B6E171 /* Prepare Watch App */;
			targetProxy = FB12C6732BFD951200B6E171 /* PBXContainerItemProxy */;
		};
		FB12C6852BFD951300B6E171 /* PBXTargetDependency */ = {
			isa = PBXTargetDependency;
			target = FB12C6702BFD951200B6E171 /* Prepare Watch App */;
			targetProxy = FB12C6842BFD951300B6E171 /* PBXContainerItemProxy */;
		};
		FB12C68F2BFD951300B6E171 /* PBXTargetDependency */ = {
			isa = PBXTargetDependency;
			target = FB12C6702BFD951200B6E171 /* Prepare Watch App */;
			targetProxy = FB12C68E2BFD951300B6E171 /* PBXContainerItemProxy */;
		};
/* End PBXTargetDependency section */

/* Begin XCBuildConfiguration section */
		FB12C6952BFD951300B6E171 /* Debug */ = {
			isa = XCBuildConfiguration;
			buildSettings = {
				ALWAYS_SEARCH_USER_PATHS = NO;
				ASSETCATALOG_COMPILER_GENERATE_SWIFT_ASSET_SYMBOL_EXTENSIONS = YES;
				CLANG_ANALYZER_NONNULL = YES;
				CLANG_ANALYZER_NUMBER_OBJECT_CONVERSION = YES_AGGRESSIVE;
				CLANG_CXX_LANGUAGE_STANDARD = "gnu++20";
				CLANG_ENABLE_MODULES = YES;
				CLANG_ENABLE_OBJC_ARC = YES;
				CLANG_ENABLE_OBJC_WEAK = YES;
				CLANG_WARN_BLOCK_CAPTURE_AUTORELEASING = YES;
				CLANG_WARN_BOOL_CONVERSION = YES;
				CLANG_WARN_COMMA = YES;
				CLANG_WARN_CONSTANT_CONVERSION = YES;
				CLANG_WARN_DEPRECATED_OBJC_IMPLEMENTATIONS = YES;
				CLANG_WARN_DIRECT_OBJC_ISA_USAGE = YES_ERROR;
				CLANG_WARN_DOCUMENTATION_COMMENTS = YES;
				CLANG_WARN_EMPTY_BODY = YES;
				CLANG_WARN_ENUM_CONVERSION = YES;
				CLANG_WARN_INFINITE_RECURSION = YES;
				CLANG_WARN_INT_CONVERSION = YES;
				CLANG_WARN_NON_LITERAL_NULL_CONVERSION = YES;
				CLANG_WARN_OBJC_IMPLICIT_RETAIN_SELF = YES;
				CLANG_WARN_OBJC_LITERAL_CONVERSION = YES;
				CLANG_WARN_OBJC_ROOT_CLASS = YES_ERROR;
				CLANG_WARN_QUOTED_INCLUDE_IN_FRAMEWORK_HEADER = YES;
				CLANG_WARN_RANGE_LOOP_ANALYSIS = YES;
				CLANG_WARN_STRICT_PROTOTYPES = YES;
				CLANG_WARN_SUSPICIOUS_MOVE = YES;
				CLANG_WARN_UNGUARDED_AVAILABILITY = YES_AGGRESSIVE;
				CLANG_WARN_UNREACHABLE_CODE = YES;
				CLANG_WARN__DUPLICATE_METHOD_MATCH = YES;
				COPY_PHASE_STRIP = NO;
				DEBUG_INFORMATION_FORMAT = dwarf;
				ENABLE_STRICT_OBJC_MSGSEND = YES;
				ENABLE_TESTABILITY = YES;
				ENABLE_USER_SCRIPT_SANDBOXING = YES;
				GCC_C_LANGUAGE_STANDARD = gnu17;
				GCC_DYNAMIC_NO_PIC = NO;
				GCC_NO_COMMON_BLOCKS = YES;
				GCC_OPTIMIZATION_LEVEL = 0;
				GCC_PREPROCESSOR_DEFINITIONS = (
					"DEBUG=1",
					"$(inherited)",
				);
				GCC_WARN_64_TO_32_BIT_CONVERSION = YES;
				GCC_WARN_ABOUT_RETURN_TYPE = YES_ERROR;
				GCC_WARN_UNDECLARED_SELECTOR = YES;
				GCC_WARN_UNINITIALIZED_AUTOS = YES_AGGRESSIVE;
				GCC_WARN_UNUSED_FUNCTION = YES;
				GCC_WARN_UNUSED_VARIABLE = YES;
				LOCALIZATION_PREFERS_STRING_CATALOGS = YES;
				MTL_ENABLE_DEBUG_INFO = INCLUDE_SOURCE;
				MTL_FAST_MATH = YES;
				ONLY_ACTIVE_ARCH = YES;
				SWIFT_ACTIVE_COMPILATION_CONDITIONS = "DEBUG $(inherited)";
				SWIFT_OPTIMIZATION_LEVEL = "-Onone";
			};
			name = Debug;
		};
		FB12C6962BFD951300B6E171 /* Release */ = {
			isa = XCBuildConfiguration;
			buildSettings = {
				ALWAYS_SEARCH_USER_PATHS = NO;
				ASSETCATALOG_COMPILER_GENERATE_SWIFT_ASSET_SYMBOL_EXTENSIONS = YES;
				CLANG_ANALYZER_NONNULL = YES;
				CLANG_ANALYZER_NUMBER_OBJECT_CONVERSION = YES_AGGRESSIVE;
				CLANG_CXX_LANGUAGE_STANDARD = "gnu++20";
				CLANG_ENABLE_MODULES = YES;
				CLANG_ENABLE_OBJC_ARC = YES;
				CLANG_ENABLE_OBJC_WEAK = YES;
				CLANG_WARN_BLOCK_CAPTURE_AUTORELEASING = YES;
				CLANG_WARN_BOOL_CONVERSION = YES;
				CLANG_WARN_COMMA = YES;
				CLANG_WARN_CONSTANT_CONVERSION = YES;
				CLANG_WARN_DEPRECATED_OBJC_IMPLEMENTATIONS = YES;
				CLANG_WARN_DIRECT_OBJC_ISA_USAGE = YES_ERROR;
				CLANG_WARN_DOCUMENTATION_COMMENTS = YES;
				CLANG_WARN_EMPTY_BODY = YES;
				CLANG_WARN_ENUM_CONVERSION = YES;
				CLANG_WARN_INFINITE_RECURSION = YES;
				CLANG_WARN_INT_CONVERSION = YES;
				CLANG_WARN_NON_LITERAL_NULL_CONVERSION = YES;
				CLANG_WARN_OBJC_IMPLICIT_RETAIN_SELF = YES;
				CLANG_WARN_OBJC_LITERAL_CONVERSION = YES;
				CLANG_WARN_OBJC_ROOT_CLASS = YES_ERROR;
				CLANG_WARN_QUOTED_INCLUDE_IN_FRAMEWORK_HEADER = YES;
				CLANG_WARN_RANGE_LOOP_ANALYSIS = YES;
				CLANG_WARN_STRICT_PROTOTYPES = YES;
				CLANG_WARN_SUSPICIOUS_MOVE = YES;
				CLANG_WARN_UNGUARDED_AVAILABILITY = YES_AGGRESSIVE;
				CLANG_WARN_UNREACHABLE_CODE = YES;
				CLANG_WARN__DUPLICATE_METHOD_MATCH = YES;
				COPY_PHASE_STRIP = NO;
				DEBUG_INFORMATION_FORMAT = "dwarf-with-dsym";
				ENABLE_NS_ASSERTIONS = NO;
				ENABLE_STRICT_OBJC_MSGSEND = YES;
				ENABLE_USER_SCRIPT_SANDBOXING = YES;
				GCC_C_LANGUAGE_STANDARD = gnu17;
				GCC_NO_COMMON_BLOCKS = YES;
				GCC_WARN_64_TO_32_BIT_CONVERSION = YES;
				GCC_WARN_ABOUT_RETURN_TYPE = YES_ERROR;
				GCC_WARN_UNDECLARED_SELECTOR = YES;
				GCC_WARN_UNINITIALIZED_AUTOS = YES_AGGRESSIVE;
				GCC_WARN_UNUSED_FUNCTION = YES;
				GCC_WARN_UNUSED_VARIABLE = YES;
				LOCALIZATION_PREFERS_STRING_CATALOGS = YES;
				MTL_ENABLE_DEBUG_INFO = NO;
				MTL_FAST_MATH = YES;
				SWIFT_COMPILATION_MODE = wholemodule;
			};
			name = Release;
		};
		FB12C6982BFD951300B6E171 /* Debug */ = {
			isa = XCBuildConfiguration;
			buildSettings = {
				ASSETCATALOG_COMPILER_APPICON_NAME = AppIcon;
				ASSETCATALOG_COMPILER_GLOBAL_ACCENT_COLOR_NAME = AccentColor;
				CODE_SIGN_STYLE = Automatic;
				CURRENT_PROJECT_VERSION = 1;
				DEVELOPMENT_ASSET_PATHS = "\"Prepare Watch App/Preview Content\"";
				DEVELOPMENT_TEAM = 68FP6TZ275;
				ENABLE_PREVIEWS = YES;
				GENERATE_INFOPLIST_FILE = YES;
				INFOPLIST_FILE = "Prepare-Watch-App-Info.plist";
				INFOPLIST_KEY_CFBundleDisplayName = Prepare;
				INFOPLIST_KEY_UISupportedInterfaceOrientations = "UIInterfaceOrientationPortrait UIInterfaceOrientationPortraitUpsideDown";
				INFOPLIST_KEY_WKCompanionAppBundleIdentifier = godofsleepy.Prepare;
				INFOPLIST_KEY_WKRunsIndependentlyOfCompanionApp = YES;
				LD_RUNPATH_SEARCH_PATHS = (
					"$(inherited)",
					"@executable_path/Frameworks",
				);
				MARKETING_VERSION = 1.0;
				PRODUCT_BUNDLE_IDENTIFIER = godofsleepy.Prepare.watchkitapp;
				PRODUCT_NAME = "$(TARGET_NAME)";
				SDKROOT = watchos;
				SKIP_INSTALL = YES;
				SWIFT_EMIT_LOC_STRINGS = YES;
				SWIFT_VERSION = 5.0;
				TARGETED_DEVICE_FAMILY = 4;
				WATCHOS_DEPLOYMENT_TARGET = 10.5;
			};
			name = Debug;
		};
		FB12C6992BFD951300B6E171 /* Release */ = {
			isa = XCBuildConfiguration;
			buildSettings = {
				ASSETCATALOG_COMPILER_APPICON_NAME = AppIcon;
				ASSETCATALOG_COMPILER_GLOBAL_ACCENT_COLOR_NAME = AccentColor;
				CODE_SIGN_STYLE = Automatic;
				CURRENT_PROJECT_VERSION = 1;
				DEVELOPMENT_ASSET_PATHS = "\"Prepare Watch App/Preview Content\"";
				DEVELOPMENT_TEAM = 68FP6TZ275;
				ENABLE_PREVIEWS = YES;
				GENERATE_INFOPLIST_FILE = YES;
				INFOPLIST_FILE = "Prepare-Watch-App-Info.plist";
				INFOPLIST_KEY_CFBundleDisplayName = Prepare;
				INFOPLIST_KEY_UISupportedInterfaceOrientations = "UIInterfaceOrientationPortrait UIInterfaceOrientationPortraitUpsideDown";
				INFOPLIST_KEY_WKCompanionAppBundleIdentifier = godofsleepy.Prepare;
				INFOPLIST_KEY_WKRunsIndependentlyOfCompanionApp = YES;
				LD_RUNPATH_SEARCH_PATHS = (
					"$(inherited)",
					"@executable_path/Frameworks",
				);
				MARKETING_VERSION = 1.0;
				PRODUCT_BUNDLE_IDENTIFIER = godofsleepy.Prepare.watchkitapp;
				PRODUCT_NAME = "$(TARGET_NAME)";
				SDKROOT = watchos;
				SKIP_INSTALL = YES;
				SWIFT_EMIT_LOC_STRINGS = YES;
				SWIFT_VERSION = 5.0;
				TARGETED_DEVICE_FAMILY = 4;
				VALIDATE_PRODUCT = YES;
				WATCHOS_DEPLOYMENT_TARGET = 10.5;
			};
			name = Release;
		};
		FB12C69C2BFD951300B6E171 /* Debug */ = {
			isa = XCBuildConfiguration;
			buildSettings = {
				ALWAYS_EMBED_SWIFT_STANDARD_LIBRARIES = YES;
				ASSETCATALOG_COMPILER_APPICON_NAME = AppIcon;
				ASSETCATALOG_COMPILER_GLOBAL_ACCENT_COLOR_NAME = AccentColor;
				CODE_SIGN_STYLE = Automatic;
				CURRENT_PROJECT_VERSION = 1;
				DEVELOPMENT_ASSET_PATHS = "\"Prepare/Preview Content\"";
				DEVELOPMENT_TEAM = 68FP6TZ275;
				ENABLE_PREVIEWS = YES;
				GENERATE_INFOPLIST_FILE = YES;
				INFOPLIST_KEY_CFBundleDisplayName = Prepare;
				INFOPLIST_KEY_UIApplicationSceneManifest_Generation = YES;
				INFOPLIST_KEY_UIApplicationSupportsIndirectInputEvents = YES;
				INFOPLIST_KEY_UILaunchScreen_Generation = YES;
				INFOPLIST_KEY_UISupportedInterfaceOrientations_iPad = "UIInterfaceOrientationPortrait UIInterfaceOrientationPortraitUpsideDown UIInterfaceOrientationLandscapeLeft UIInterfaceOrientationLandscapeRight";
				INFOPLIST_KEY_UISupportedInterfaceOrientations_iPhone = "UIInterfaceOrientationPortrait UIInterfaceOrientationLandscapeLeft UIInterfaceOrientationLandscapeRight";
				IPHONEOS_DEPLOYMENT_TARGET = 17.5;
				LD_RUNPATH_SEARCH_PATHS = (
					"$(inherited)",
					"@executable_path/Frameworks",
				);
				MARKETING_VERSION = 1.0;
				PRODUCT_BUNDLE_IDENTIFIER = godofsleepy.Prepare;
				PRODUCT_NAME = "$(TARGET_NAME)";
				SDKROOT = iphoneos;
				SWIFT_EMIT_LOC_STRINGS = YES;
				SWIFT_VERSION = 5.0;
				TARGETED_DEVICE_FAMILY = "1,2";
			};
			name = Debug;
		};
		FB12C69D2BFD951300B6E171 /* Release */ = {
			isa = XCBuildConfiguration;
			buildSettings = {
				ALWAYS_EMBED_SWIFT_STANDARD_LIBRARIES = YES;
				ASSETCATALOG_COMPILER_APPICON_NAME = AppIcon;
				ASSETCATALOG_COMPILER_GLOBAL_ACCENT_COLOR_NAME = AccentColor;
				CODE_SIGN_STYLE = Automatic;
				CURRENT_PROJECT_VERSION = 1;
				DEVELOPMENT_ASSET_PATHS = "\"Prepare/Preview Content\"";
				DEVELOPMENT_TEAM = 68FP6TZ275;
				ENABLE_PREVIEWS = YES;
				GENERATE_INFOPLIST_FILE = YES;
				INFOPLIST_KEY_CFBundleDisplayName = Prepare;
				INFOPLIST_KEY_UIApplicationSceneManifest_Generation = YES;
				INFOPLIST_KEY_UIApplicationSupportsIndirectInputEvents = YES;
				INFOPLIST_KEY_UILaunchScreen_Generation = YES;
				INFOPLIST_KEY_UISupportedInterfaceOrientations_iPad = "UIInterfaceOrientationPortrait UIInterfaceOrientationPortraitUpsideDown UIInterfaceOrientationLandscapeLeft UIInterfaceOrientationLandscapeRight";
				INFOPLIST_KEY_UISupportedInterfaceOrientations_iPhone = "UIInterfaceOrientationPortrait UIInterfaceOrientationLandscapeLeft UIInterfaceOrientationLandscapeRight";
				IPHONEOS_DEPLOYMENT_TARGET = 17.5;
				LD_RUNPATH_SEARCH_PATHS = (
					"$(inherited)",
					"@executable_path/Frameworks",
				);
				MARKETING_VERSION = 1.0;
				PRODUCT_BUNDLE_IDENTIFIER = godofsleepy.Prepare;
				PRODUCT_NAME = "$(TARGET_NAME)";
				SDKROOT = iphoneos;
				SWIFT_EMIT_LOC_STRINGS = YES;
				SWIFT_VERSION = 5.0;
				TARGETED_DEVICE_FAMILY = "1,2";
				VALIDATE_PRODUCT = YES;
			};
			name = Release;
		};
		FB12C69F2BFD951300B6E171 /* Debug */ = {
			isa = XCBuildConfiguration;
			buildSettings = {
				ALWAYS_EMBED_SWIFT_STANDARD_LIBRARIES = YES;
				BUNDLE_LOADER = "$(TEST_HOST)";
				CODE_SIGN_STYLE = Automatic;
				CURRENT_PROJECT_VERSION = 1;
				DEVELOPMENT_TEAM = 68FP6TZ275;
				GENERATE_INFOPLIST_FILE = YES;
				IPHONEOS_DEPLOYMENT_TARGET = 17.5;
				MARKETING_VERSION = 1.0;
				PRODUCT_BUNDLE_IDENTIFIER = godofsleepy.PrepareTests;
				PRODUCT_NAME = "$(TARGET_NAME)";
				SDKROOT = iphoneos;
				SWIFT_EMIT_LOC_STRINGS = NO;
				SWIFT_VERSION = 5.0;
				TARGETED_DEVICE_FAMILY = "1,2";
				TEST_HOST = "$(BUILT_PRODUCTS_DIR)/Prepare.app/$(BUNDLE_EXECUTABLE_FOLDER_PATH)/Prepare";
			};
			name = Debug;
		};
		FB12C6A02BFD951300B6E171 /* Release */ = {
			isa = XCBuildConfiguration;
			buildSettings = {
				ALWAYS_EMBED_SWIFT_STANDARD_LIBRARIES = YES;
				BUNDLE_LOADER = "$(TEST_HOST)";
				CODE_SIGN_STYLE = Automatic;
				CURRENT_PROJECT_VERSION = 1;
				DEVELOPMENT_TEAM = 68FP6TZ275;
				GENERATE_INFOPLIST_FILE = YES;
				IPHONEOS_DEPLOYMENT_TARGET = 17.5;
				MARKETING_VERSION = 1.0;
				PRODUCT_BUNDLE_IDENTIFIER = godofsleepy.PrepareTests;
				PRODUCT_NAME = "$(TARGET_NAME)";
				SDKROOT = iphoneos;
				SWIFT_EMIT_LOC_STRINGS = NO;
				SWIFT_VERSION = 5.0;
				TARGETED_DEVICE_FAMILY = "1,2";
				TEST_HOST = "$(BUILT_PRODUCTS_DIR)/Prepare.app/$(BUNDLE_EXECUTABLE_FOLDER_PATH)/Prepare";
				VALIDATE_PRODUCT = YES;
			};
			name = Release;
		};
		FB12C6A22BFD951300B6E171 /* Debug */ = {
			isa = XCBuildConfiguration;
			buildSettings = {
				ALWAYS_EMBED_SWIFT_STANDARD_LIBRARIES = YES;
				CODE_SIGN_STYLE = Automatic;
				CURRENT_PROJECT_VERSION = 1;
				DEVELOPMENT_TEAM = 68FP6TZ275;
				GENERATE_INFOPLIST_FILE = YES;
				IPHONEOS_DEPLOYMENT_TARGET = 17.5;
				MARKETING_VERSION = 1.0;
				PRODUCT_BUNDLE_IDENTIFIER = godofsleepy.PrepareUITests;
				PRODUCT_NAME = "$(TARGET_NAME)";
				SDKROOT = iphoneos;
				SWIFT_EMIT_LOC_STRINGS = NO;
				SWIFT_VERSION = 5.0;
				TARGETED_DEVICE_FAMILY = "1,2";
				TEST_TARGET_NAME = Prepare;
			};
			name = Debug;
		};
		FB12C6A32BFD951300B6E171 /* Release */ = {
			isa = XCBuildConfiguration;
			buildSettings = {
				ALWAYS_EMBED_SWIFT_STANDARD_LIBRARIES = YES;
				CODE_SIGN_STYLE = Automatic;
				CURRENT_PROJECT_VERSION = 1;
				DEVELOPMENT_TEAM = 68FP6TZ275;
				GENERATE_INFOPLIST_FILE = YES;
				IPHONEOS_DEPLOYMENT_TARGET = 17.5;
				MARKETING_VERSION = 1.0;
				PRODUCT_BUNDLE_IDENTIFIER = godofsleepy.PrepareUITests;
				PRODUCT_NAME = "$(TARGET_NAME)";
				SDKROOT = iphoneos;
				SWIFT_EMIT_LOC_STRINGS = NO;
				SWIFT_VERSION = 5.0;
				TARGETED_DEVICE_FAMILY = "1,2";
				TEST_TARGET_NAME = Prepare;
				VALIDATE_PRODUCT = YES;
			};
			name = Release;
		};
		FB12C6A52BFD951300B6E171 /* Debug */ = {
			isa = XCBuildConfiguration;
			buildSettings = {
				ALWAYS_EMBED_SWIFT_STANDARD_LIBRARIES = YES;
				BUNDLE_LOADER = "$(TEST_HOST)";
				CODE_SIGN_STYLE = Automatic;
				CURRENT_PROJECT_VERSION = 1;
				DEVELOPMENT_TEAM = 68FP6TZ275;
				GENERATE_INFOPLIST_FILE = YES;
				MARKETING_VERSION = 1.0;
				PRODUCT_BUNDLE_IDENTIFIER = "godofsleepy.Prepare-Watch-AppTests";
				PRODUCT_NAME = "$(TARGET_NAME)";
				SDKROOT = watchos;
				SWIFT_EMIT_LOC_STRINGS = NO;
				SWIFT_VERSION = 5.0;
				TARGETED_DEVICE_FAMILY = 4;
				TEST_HOST = "$(BUILT_PRODUCTS_DIR)/Prepare Watch App.app/$(BUNDLE_EXECUTABLE_FOLDER_PATH)/Prepare Watch App";
				WATCHOS_DEPLOYMENT_TARGET = 10.5;
			};
			name = Debug;
		};
		FB12C6A62BFD951300B6E171 /* Release */ = {
			isa = XCBuildConfiguration;
			buildSettings = {
				ALWAYS_EMBED_SWIFT_STANDARD_LIBRARIES = YES;
				BUNDLE_LOADER = "$(TEST_HOST)";
				CODE_SIGN_STYLE = Automatic;
				CURRENT_PROJECT_VERSION = 1;
				DEVELOPMENT_TEAM = 68FP6TZ275;
				GENERATE_INFOPLIST_FILE = YES;
				MARKETING_VERSION = 1.0;
				PRODUCT_BUNDLE_IDENTIFIER = "godofsleepy.Prepare-Watch-AppTests";
				PRODUCT_NAME = "$(TARGET_NAME)";
				SDKROOT = watchos;
				SWIFT_EMIT_LOC_STRINGS = NO;
				SWIFT_VERSION = 5.0;
				TARGETED_DEVICE_FAMILY = 4;
				TEST_HOST = "$(BUILT_PRODUCTS_DIR)/Prepare Watch App.app/$(BUNDLE_EXECUTABLE_FOLDER_PATH)/Prepare Watch App";
				VALIDATE_PRODUCT = YES;
				WATCHOS_DEPLOYMENT_TARGET = 10.5;
			};
			name = Release;
		};
		FB12C6A82BFD951300B6E171 /* Debug */ = {
			isa = XCBuildConfiguration;
			buildSettings = {
				ALWAYS_EMBED_SWIFT_STANDARD_LIBRARIES = YES;
				CODE_SIGN_STYLE = Automatic;
				CURRENT_PROJECT_VERSION = 1;
				DEVELOPMENT_TEAM = 68FP6TZ275;
				GENERATE_INFOPLIST_FILE = YES;
				MARKETING_VERSION = 1.0;
				PRODUCT_BUNDLE_IDENTIFIER = "godofsleepy.Prepare-Watch-AppUITests";
				PRODUCT_NAME = "$(TARGET_NAME)";
				SDKROOT = watchos;
				SWIFT_EMIT_LOC_STRINGS = NO;
				SWIFT_VERSION = 5.0;
				TARGETED_DEVICE_FAMILY = 4;
				TEST_TARGET_NAME = "Prepare Watch App";
				WATCHOS_DEPLOYMENT_TARGET = 10.5;
			};
			name = Debug;
		};
		FB12C6A92BFD951300B6E171 /* Release */ = {
			isa = XCBuildConfiguration;
			buildSettings = {
				ALWAYS_EMBED_SWIFT_STANDARD_LIBRARIES = YES;
				CODE_SIGN_STYLE = Automatic;
				CURRENT_PROJECT_VERSION = 1;
				DEVELOPMENT_TEAM = 68FP6TZ275;
				GENERATE_INFOPLIST_FILE = YES;
				MARKETING_VERSION = 1.0;
				PRODUCT_BUNDLE_IDENTIFIER = "godofsleepy.Prepare-Watch-AppUITests";
				PRODUCT_NAME = "$(TARGET_NAME)";
				SDKROOT = watchos;
				SWIFT_EMIT_LOC_STRINGS = NO;
				SWIFT_VERSION = 5.0;
				TARGETED_DEVICE_FAMILY = 4;
				TEST_TARGET_NAME = "Prepare Watch App";
				VALIDATE_PRODUCT = YES;
				WATCHOS_DEPLOYMENT_TARGET = 10.5;
			};
			name = Release;
		};
/* End XCBuildConfiguration section */

/* Begin XCConfigurationList section */
		FB12C6462BFD951000B6E171 /* Build configuration list for PBXProject "Prepare" */ = {
			isa = XCConfigurationList;
			buildConfigurations = (
				FB12C6952BFD951300B6E171 /* Debug */,
				FB12C6962BFD951300B6E171 /* Release */,
			);
			defaultConfigurationIsVisible = 0;
			defaultConfigurationName = Release;
		};
		FB12C6972BFD951300B6E171 /* Build configuration list for PBXNativeTarget "Prepare Watch App" */ = {
			isa = XCConfigurationList;
			buildConfigurations = (
				FB12C6982BFD951300B6E171 /* Debug */,
				FB12C6992BFD951300B6E171 /* Release */,
			);
			defaultConfigurationIsVisible = 0;
			defaultConfigurationName = Release;
		};
		FB12C69B2BFD951300B6E171 /* Build configuration list for PBXNativeTarget "Prepare" */ = {
			isa = XCConfigurationList;
			buildConfigurations = (
				FB12C69C2BFD951300B6E171 /* Debug */,
				FB12C69D2BFD951300B6E171 /* Release */,
			);
			defaultConfigurationIsVisible = 0;
			defaultConfigurationName = Release;
		};
		FB12C69E2BFD951300B6E171 /* Build configuration list for PBXNativeTarget "PrepareTests" */ = {
			isa = XCConfigurationList;
			buildConfigurations = (
				FB12C69F2BFD951300B6E171 /* Debug */,
				FB12C6A02BFD951300B6E171 /* Release */,
			);
			defaultConfigurationIsVisible = 0;
			defaultConfigurationName = Release;
		};
		FB12C6A12BFD951300B6E171 /* Build configuration list for PBXNativeTarget "PrepareUITests" */ = {
			isa = XCConfigurationList;
			buildConfigurations = (
				FB12C6A22BFD951300B6E171 /* Debug */,
				FB12C6A32BFD951300B6E171 /* Release */,
			);
			defaultConfigurationIsVisible = 0;
			defaultConfigurationName = Release;
		};
		FB12C6A42BFD951300B6E171 /* Build configuration list for PBXNativeTarget "Prepare Watch AppTests" */ = {
			isa = XCConfigurationList;
			buildConfigurations = (
				FB12C6A52BFD951300B6E171 /* Debug */,
				FB12C6A62BFD951300B6E171 /* Release */,
			);
			defaultConfigurationIsVisible = 0;
			defaultConfigurationName = Release;
		};
		FB12C6A72BFD951300B6E171 /* Build configuration list for PBXNativeTarget "Prepare Watch AppUITests" */ = {
			isa = XCConfigurationList;
			buildConfigurations = (
				FB12C6A82BFD951300B6E171 /* Debug */,
				FB12C6A92BFD951300B6E171 /* Release */,
			);
			defaultConfigurationIsVisible = 0;
			defaultConfigurationName = Release;
		};
/* End XCConfigurationList section */

/* Begin XCRemoteSwiftPackageReference section */
		FB12C6B32BFDB79200B6E171 /* XCRemoteSwiftPackageReference "SDWebImageSwiftUI" */ = {
			isa = XCRemoteSwiftPackageReference;
			repositoryURL = "https://github.com/SDWebImage/SDWebImageSwiftUI.git";
			requirement = {
				kind = upToNextMajorVersion;
				minimumVersion = 3.0.4;
			};
		};
		FB12C6C12BFDD01F00B6E171 /* XCRemoteSwiftPackageReference "SDWebImageWebPCoder" */ = {
			isa = XCRemoteSwiftPackageReference;
			repositoryURL = "https://github.com/SDWebImage/SDWebImageWebPCoder.git";
			requirement = {
				kind = upToNextMajorVersion;
				minimumVersion = 0.14.6;
			};
		};
/* End XCRemoteSwiftPackageReference section */

/* Begin XCSwiftPackageProductDependency section */
		FB12C6B42BFDB79200B6E171 /* SDWebImageSwiftUI */ = {
			isa = XCSwiftPackageProductDependency;
			package = FB12C6B32BFDB79200B6E171 /* XCRemoteSwiftPackageReference "SDWebImageSwiftUI" */;
			productName = SDWebImageSwiftUI;
		};
		FB12C6C32BFDD06B00B6E171 /* SDWebImageWebPCoder */ = {
			isa = XCSwiftPackageProductDependency;
			package = FB12C6C12BFDD01F00B6E171 /* XCRemoteSwiftPackageReference "SDWebImageWebPCoder" */;
			productName = SDWebImageWebPCoder;
		};
/* End XCSwiftPackageProductDependency section */
	};
	rootObject = FB12C6432BFD951000B6E171 /* Project object */;
}
