// !$*UTF8*$!
{
	archiveVersion = 1;
	classes = {
	};
	objectVersion = 56;
	objects = {

/* Begin PBXBuildFile section */
		FB12C64F2BFD951100B6E171 /* PrepareApp.swift in Sources */ = {isa = PBXBuildFile; fileRef = FB12C64E2BFD951100B6E171 /* PrepareApp.swift */; };
		FB12C6512BFD951100B6E171 /* ContentView.swift in Sources */ = {isa = PBXBuildFile; fileRef = FB12C6502BFD951100B6E171 /* ContentView.swift */; };
		FB12C6532BFD951200B6E171 /* Assets.xcassets in Resources */ = {isa = PBXBuildFile; fileRef = FB12C6522BFD951200B6E171 /* Assets.xcassets */; };
		FB12C6562BFD951200B6E171 /* Preview Assets.xcassets in Resources */ = {isa = PBXBuildFile; fileRef = FB12C6552BFD951200B6E171 /* Preview Assets.xcassets */; };
		FB12C6602BFD951200B6E171 /* PrepareTests.swift in Sources */ = {isa = PBXBuildFile; fileRef = FB12C65F2BFD951200B6E171 /* PrepareTests.swift */; };
		FB12C66A2BFD951200B6E171 /* PrepareUITests.swift in Sources */ = {isa = PBXBuildFile; fileRef = FB12C6692BFD951200B6E171 /* PrepareUITests.swift */; };
		FB12C66C2BFD951200B6E171 /* PrepareUITestsLaunchTests.swift in Sources */ = {isa = PBXBuildFile; fileRef = FB12C66B2BFD951200B6E171 /* PrepareUITestsLaunchTests.swift */; };
		FB12C6722BFD951200B6E171 /* Prepare Watch App.app in Embed Watch Content */ = {isa = PBXBuildFile; fileRef = FB12C6712BFD951200B6E171 /* Prepare Watch App.app */; settings = {ATTRIBUTES = (RemoveHeadersOnCopy, ); }; };
		FB12C6772BFD951200B6E171 /* PrepareApp.swift in Sources */ = {isa = PBXBuildFile; fileRef = FB12C6762BFD951200B6E171 /* PrepareApp.swift */; };
		FB12C6792BFD951200B6E171 /* ContentView.swift in Sources */ = {isa = PBXBuildFile; fileRef = FB12C6782BFD951200B6E171 /* ContentView.swift */; };
		FB12C67B2BFD951300B6E171 /* Assets.xcassets in Resources */ = {isa = PBXBuildFile; fileRef = FB12C67A2BFD951300B6E171 /* Assets.xcassets */; };
		FB12C67E2BFD951300B6E171 /* Preview Assets.xcassets in Resources */ = {isa = PBXBuildFile; fileRef = FB12C67D2BFD951300B6E171 /* Preview Assets.xcassets */; };
		FB12C6882BFD951300B6E171 /* Prepare_Watch_AppTests.swift in Sources */ = {isa = PBXBuildFile; fileRef = FB12C6872BFD951300B6E171 /* Prepare_Watch_AppTests.swift */; };
		FB12C6922BFD951300B6E171 /* Prepare_Watch_AppUITests.swift in Sources */ = {isa = PBXBuildFile; fileRef = FB12C6912BFD951300B6E171 /* Prepare_Watch_AppUITests.swift */; };
		FB12C6942BFD951300B6E171 /* Prepare_Watch_AppUITestsLaunchTests.swift in Sources */ = {isa = PBXBuildFile; fileRef = FB12C6932BFD951300B6E171 /* Prepare_Watch_AppUITestsLaunchTests.swift */; };
/* End PBXBuildFile section */

/* Begin PBXContainerItemProxy section */
		FB12C65C2BFD951200B6E171 /* PBXContainerItemProxy */ = {
			isa = PBXContainerItemProxy;
			containerPortal = FB12C6432BFD951000B6E171 /* Project object */;
			proxyType = 1;
			remoteGlobalIDString = FB12C64A2BFD951100B6E171;
			remoteInfo = Prepare;
		};
		FB12C6662BFD951200B6E171 /* PBXContainerItemProxy */ = {
			isa = PBXContainerItemProxy;
			containerPortal = FB12C6432BFD951000B6E171 /* Project object */;
			proxyType = 1;
			remoteGlobalIDString = FB12C64A2BFD951100B6E171;
			remoteInfo = Prepare;
		};
		FB12C6732BFD951200B6E171 /* PBXContainerItemProxy */ = {
			isa = PBXContainerItemProxy;
			containerPortal = FB12C6432BFD951000B6E171 /* Project object */;
			proxyType = 1;
			remoteGlobalIDString = FB12C6702BFD951200B6E171;
			remoteInfo = "Prepare Watch App";
		};
		FB12C6842BFD951300B6E171 /* PBXContainerItemProxy */ = {
			isa = PBXContainerItemProxy;
			containerPortal = FB12C6432BFD951000B6E171 /* Project object */;
			proxyType = 1;
			remoteGlobalIDString = FB12C6702BFD951200B6E171;
			remoteInfo = "Prepare Watch App";
		};
		FB12C68E2BFD951300B6E171 /* PBXContainerItemProxy */ = {
			isa = PBXContainerItemProxy;
			containerPortal = FB12C6432BFD951000B6E171 /* Project object */;
			proxyType = 1;
			remoteGlobalIDString = FB12C6702BFD951200B6E171;
			remoteInfo = "Prepare Watch App";
		};
/* End PBXContainerItemProxy section */

/* Begin PBXCopyFilesBuildPhase section */
		FB12C69A2BFD951300B6E171 /* Embed Watch Content */ = {
			isa = PBXCopyFilesBuildPhase;
			buildActionMask = 2147483647;
			dstPath = "$(CONTENTS_FOLDER_PATH)/Watch";
			dstSubfolderSpec = 16;
			files = (
				FB12C6722BFD951200B6E171 /* Prepare Watch App.app in Embed Watch Content */,
			);
			name = "Embed Watch Content";
			runOnlyForDeploymentPostprocessing = 0;
		};
/* End PBXCopyFilesBuildPhase section */

/* Begin PBXFileReference section */
		FB12C64B2BFD951100B6E171 /* Prepare.app */ = {isa = PBXFileReference; explicitFileType = wrapper.application; includeInIndex = 0; path = Prepare.app; sourceTree = BUILT_PRODUCTS_DIR; };
		FB12C64E2BFD951100B6E171 /* PrepareApp.swift */ = {isa = PBXFileReference; lastKnownFileType = sourcecode.swift; path = PrepareApp.swift; sourceTree = "<group>"; };
		FB12C6502BFD951100B6E171 /* ContentView.swift */ = {isa = PBXFileReference; lastKnownFileType = sourcecode.swift; path = ContentView.swift; sourceTree = "<group>"; };
		FB12C6522BFD951200B6E171 /* Assets.xcassets */ = {isa = PBXFileReference; lastKnownFileType = folder.assetcatalog; path = Assets.xcassets; sourceTree = "<group>"; };
		FB12C6552BFD951200B6E171 /* Preview Assets.xcassets */ = {isa = PBXFileReference; lastKnownFileType = folder.assetcatalog; path = "Preview Assets.xcassets"; sourceTree = "<group>"; };
		FB12C65B2BFD951200B6E171 /* PrepareTests.xctest */ = {isa = PBXFileReference; explicitFileType = wrapper.cfbundle; includeInIndex = 0; path = PrepareTests.xctest; sourceTree = BUILT_PRODUCTS_DIR; };
		FB12C65F2BFD951200B6E171 /* PrepareTests.swift */ = {isa = PBXFileReference; lastKnownFileType = sourcecode.swift; path = PrepareTests.swift; sourceTree = "<group>"; };
		FB12C6652BFD951200B6E171 /* PrepareUITests.xctest */ = {isa = PBXFileReference; explicitFileType = wrapper.cfbundle; includeInIndex = 0; path = PrepareUITests.xctest; sourceTree = BUILT_PRODUCTS_DIR; };
		FB12C6692BFD951200B6E171 /* PrepareUITests.swift */ = {isa = PBXFileReference; lastKnownFileType = sourcecode.swift; path = PrepareUITests.swift; sourceTree = "<group>"; };
		FB12C66B2BFD951200B6E171 /* PrepareUITestsLaunchTests.swift */ = {isa = PBXFileReference; lastKnownFileType = sourcecode.swift; path = PrepareUITestsLaunchTests.swift; sourceTree = "<group>"; };
		FB12C6712BFD951200B6E171 /* Prepare Watch App.app */ = {isa = PBXFileReference; explicitFileType = wrapper.application; includeInIndex = 0; path = "Prepare Watch App.app"; sourceTree = BUILT_PRODUCTS_DIR; };
		FB12C6762BFD951200B6E171 /* PrepareApp.swift */ = {isa = PBXFileReference; lastKnownFileType = sourcecode.swift; path = PrepareApp.swift; sourceTree = "<group>"; };
		FB12C6782BFD951200B6E171 /* ContentView.swift */ = {isa = PBXFileReference; lastKnownFileType = sourcecode.swift; path = ContentView.swift; sourceTree = "<group>"; };
		FB12C67A2BFD951300B6E171 /* Assets.xcassets */ = {isa = PBXFileReference; lastKnownFileType = folder.assetcatalog; path = Assets.xcassets; sourceTree = "<group>"; };
		FB12C67D2BFD951300B6E171 /* Preview Assets.xcassets */ = {isa = PBXFileReference; lastKnownFileType = folder.assetcatalog; path = "Preview Assets.xcassets"; sourceTree = "<group>"; };
		FB12C6832BFD951300B6E171 /* Prepare Watch AppTests.xctest */ = {isa = PBXFileReference; explicitFileType = wrapper.cfbundle; includeInIndex = 0; path = "Prepare Watch AppTests.xctest"; sourceTree = BUILT_PRODUCTS_DIR; };
		FB12C6872BFD951300B6E171 /* Prepare_Watch_AppTests.swift */ = {isa = PBXFileReference; lastKnownFileType = sourcecode.swift; path = Prepare_Watch_AppTests.swift; sourceTree = "<group>"; };
		FB12C68D2BFD951300B6E171 /* Prepare Watch AppUITests.xctest */ = {isa = PBXFileReference; explicitFileType = wrapper.cfbundle; includeInIndex = 0; path = "Prepare Watch AppUITests.xctest"; sourceTree = BUILT_PRODUCTS_DIR; };
		FB12C6912BFD951300B6E171 /* Prepare_Watch_AppUITests.swift */ = {isa = PBXFileReference; lastKnownFileType = sourcecode.swift; path = Prepare_Watch_AppUITests.swift; sourceTree = "<group>"; };
		FB12C6932BFD951300B6E171 /* Prepare_Watch_AppUITestsLaunchTests.swift */ = {isa = PBXFileReference; lastKnownFileType = sourcecode.swift; path = Prepare_Watch_AppUITestsLaunchTests.swift; sourceTree = "<group>"; };
/* End PBXFileReference section */

/* Begin PBXFrameworksBuildPhase section */
		FB12C6482BFD951100B6E171 /* Frameworks */ = {
			isa = PBXFrameworksBuildPhase;
			buildActionMask = 2147483647;
			files = (
			);
			runOnlyForDeploymentPostprocessing = 0;
		};
		FB12C6582BFD951200B6E171 /* Frameworks */ = {
			isa = PBXFrameworksBuildPhase;
			buildActionMask = 2147483647;
			files = (
			);
			runOnlyForDeploymentPostprocessing = 0;
		};
		FB12C6622BFD951200B6E171 /* Frameworks */ = {
			isa = PBXFrameworksBuildPhase;
			buildActionMask = 2147483647;
			files = (
			);
			runOnlyForDeploymentPostprocessing = 0;
		};
		FB12C66E2BFD951200B6E171 /* Frameworks */ = {
			isa = PBXFrameworksBuildPhase;
			buildActionMask = 2147483647;
			files = (
			);
			runOnlyForDeploymentPostprocessing = 0;
		};
		FB12C6802BFD951300B6E171 /* Frameworks */ = {
			isa = PBXFrameworksBuildPhase;
			buildActionMask = 2147483647;
			files = (
			);
			runOnlyForDeploymentPostprocessing = 0;
		};
		FB12C68A2BFD951300B6E171 /* Frameworks */ = {
			isa = PBXFrameworksBuildPhase;
			buildActionMask = 2147483647;
			files = (
			);
			runOnlyForDeploymentPostprocessing = 0;
		};
/* End PBXFrameworksBuildPhase section */

/* Begin PBXGroup section */
		FB12C6422BFD951000B6E171 = {
			isa = PBXGroup;
			children = (
				FB12C64D2BFD951100B6E171 /* Prepare */,
				FB12C65E2BFD951200B6E171 /* PrepareTests */,
				FB12C6682BFD951200B6E171 /* PrepareUITests */,
				FB12C6752BFD951200B6E171 /* Prepare Watch App */,
				FB12C6862BFD951300B6E171 /* Prepare Watch AppTests */,
				FB12C6902BFD951300B6E171 /* Prepare Watch AppUITests */,
				FB12C64C2BFD951100B6E171 /* Products */,
			);
			sourceTree = "<group>";
		};
		FB12C64C2BFD951100B6E171 /* Products */ = {
			isa = PBXGroup;
			children = (
				FB12C64B2BFD951100B6E171 /* Prepare.app */,
				FB12C65B2BFD951200B6E171 /* PrepareTests.xctest */,
				FB12C6652BFD951200B6E171 /* PrepareUITests.xctest */,
				FB12C6712BFD951200B6E171 /* Prepare Watch App.app */,
				FB12C6832BFD951300B6E171 /* Prepare Watch AppTests.xctest */,
				FB12C68D2BFD951300B6E171 /* Prepare Watch AppUITests.xctest */,
			);
			name = Products;
			sourceTree = "<group>";
		};
		FB12C64D2BFD951100B6E171 /* Prepare */ = {
			isa = PBXGroup;
			children = (
				FB12C64E2BFD951100B6E171 /* PrepareApp.swift */,
				FB12C6502BFD951100B6E171 /* ContentView.swift */,
				FB12C6522BFD951200B6E171 /* Assets.xcassets */,
				FB12C6542BFD951200B6E171 /* Preview Content */,
			);
			path = Prepare;
			sourceTree = "<group>";
		};
		FB12C6542BFD951200B6E171 /* Preview Content */ = {
			isa = PBXGroup;
			children = (
				FB12C6552BFD951200B6E171 /* Preview Assets.xcassets */,
			);
			path = "Preview Content";
			sourceTree = "<group>";
		};
		FB12C65E2BFD951200B6E171 /* PrepareTests */ = {
			isa = PBXGroup;
			children = (
				FB12C65F2BFD951200B6E171 /* PrepareTests.swift */,
			);
			path = PrepareTests;
			sourceTree = "<group>";
		};
		FB12C6682BFD951200B6E171 /* PrepareUITests */ = {
			isa = PBXGroup;
			children = (
				FB12C6692BFD951200B6E171 /* PrepareUITests.swift */,
				FB12C66B2BFD951200B6E171 /* PrepareUITestsLaunchTests.swift */,
			);
			path = PrepareUITests;
			sourceTree = "<group>";
		};
		FB12C6752BFD951200B6E171 /* Prepare Watch App */ = {
			isa = PBXGroup;
			children = (
				FB12C6762BFD951200B6E171 /* PrepareApp.swift */,
				FB12C6782BFD951200B6E171 /* ContentView.swift */,
				FB12C67A2BFD951300B6E171 /* Assets.xcassets */,
				FB12C67C2BFD951300B6E171 /* Preview Content */,
			);
			path = "Prepare Watch App";
			sourceTree = "<group>";
		};
		FB12C67C2BFD951300B6E171 /* Preview Content */ = {
			isa = PBXGroup;
			children = (
				FB12C67D2BFD951300B6E171 /* Preview Assets.xcassets */,
			);
			path = "Preview Content";
			sourceTree = "<group>";
		};
		FB12C6862BFD951300B6E171 /* Prepare Watch AppTests */ = {
			isa = PBXGroup;
			children = (
				FB12C6872BFD951300B6E171 /* Prepare_Watch_AppTests.swift */,
			);
			path = "Prepare Watch AppTests";
			sourceTree = "<group>";
		};
		FB12C6902BFD951300B6E171 /* Prepare Watch AppUITests */ = {
			isa = PBXGroup;
			children = (
				FB12C6912BFD951300B6E171 /* Prepare_Watch_AppUITests.swift */,
				FB12C6932BFD951300B6E171 /* Prepare_Watch_AppUITestsLaunchTests.swift */,
			);
			path = "Prepare Watch AppUITests";
			sourceTree = "<group>";
		};
/* End PBXGroup section */

/* Begin PBXNativeTarget section */
		FB12C64A2BFD951100B6E171 /* Prepare */ = {
			isa = PBXNativeTarget;
			buildConfigurationList = FB12C69B2BFD951300B6E171 /* Build configuration list for PBXNativeTarget "Prepare" */;
			buildPhases = (
				FB12C6472BFD951100B6E171 /* Sources */,
				FB12C6482BFD951100B6E171 /* Frameworks */,
				FB12C6492BFD951100B6E171 /* Resources */,
				FB12C69A2BFD951300B6E171 /* Embed Watch Content */,
			);
			buildRules = (
			);
			dependencies = (
				FB12C6742BFD951200B6E171 /* PBXTargetDependency */,
			);
			name = Prepare;
			productName = Prepare;
			productReference = FB12C64B2BFD951100B6E171 /* Prepare.app */;
			productType = "com.apple.product-type.application";
		};
		FB12C65A2BFD951200B6E171 /* PrepareTests */ = {
			isa = PBXNativeTarget;
			buildConfigurationList = FB12C69E2BFD951300B6E171 /* Build configuration list for PBXNativeTarget "PrepareTests" */;
			buildPhases = (
				FB12C6572BFD951200B6E171 /* Sources */,
				FB12C6582BFD951200B6E171 /* Frameworks */,
				FB12C6592BFD951200B6E171 /* Resources */,
			);
			buildRules = (
			);
			dependencies = (
				FB12C65D2BFD951200B6E171 /* PBXTargetDependency */,
			);
			name = PrepareTests;
			productName = PrepareTests;
			productReference = FB12C65B2BFD951200B6E171 /* PrepareTests.xctest */;
			productType = "com.apple.product-type.bundle.unit-test";
		};
		FB12C6642BFD951200B6E171 /* PrepareUITests */ = {
			isa = PBXNativeTarget;
			buildConfigurationList = FB12C6A12BFD951300B6E171 /* Build configuration list for PBXNativeTarget "PrepareUITests" */;
			buildPhases = (
				FB12C6612BFD951200B6E171 /* Sources */,
				FB12C6622BFD951200B6E171 /* Frameworks */,
				FB12C6632BFD951200B6E171 /* Resources */,
			);
			buildRules = (
			);
			dependencies = (
				FB12C6672BFD951200B6E171 /* PBXTargetDependency */,
			);
			name = PrepareUITests;
			productName = PrepareUITests;
			productReference = FB12C6652BFD951200B6E171 /* PrepareUITests.xctest */;
			productType = "com.apple.product-type.bundle.ui-testing";
		};
		FB12C6702BFD951200B6E171 /* Prepare Watch App */ = {
			isa = PBXNativeTarget;
			buildConfigurationList = FB12C6972BFD951300B6E171 /* Build configuration list for PBXNativeTarget "Prepare Watch App" */;
			buildPhases = (
				FB12C66D2BFD951200B6E171 /* Sources */,
				FB12C66E2BFD951200B6E171 /* Frameworks */,
				FB12C66F2BFD951200B6E171 /* Resources */,
			);
			buildRules = (
			);
			dependencies = (
			);
			name = "Prepare Watch App";
			productName = "Prepare Watch App";
			productReference = FB12C6712BFD951200B6E171 /* Prepare Watch App.app */;
			productType = "com.apple.product-type.application";
		};
		FB12C6822BFD951300B6E171 /* Prepare Watch AppTests */ = {
			isa = PBXNativeTarget;
			buildConfigurationList = FB12C6A42BFD951300B6E171 /* Build configuration list for PBXNativeTarget "Prepare Watch AppTests" */;
			buildPhases = (
				FB12C67F2BFD951300B6E171 /* Sources */,
				FB12C6802BFD951300B6E171 /* Frameworks */,
				FB12C6812BFD951300B6E171 /* Resources */,
			);
			buildRules = (
			);
			dependencies = (
				FB12C6852BFD951300B6E171 /* PBXTargetDependency */,
			);
			name = "Prepare Watch AppTests";
			productName = "Prepare Watch AppTests";
			productReference = FB12C6832BFD951300B6E171 /* Prepare Watch AppTests.xctest */;
			productType = "com.apple.product-type.bundle.unit-test";
		};
		FB12C68C2BFD951300B6E171 /* Prepare Watch AppUITests */ = {
			isa = PBXNativeTarget;
			buildConfigurationList = FB12C6A72BFD951300B6E171 /* Build configuration list for PBXNativeTarget "Prepare Watch AppUITests" */;
			buildPhases = (
				FB12C6892BFD951300B6E171 /* Sources */,
				FB12C68A2BFD951300B6E171 /* Frameworks */,
				FB12C68B2BFD951300B6E171 /* Resources */,
			);
			buildRules = (
			);
			dependencies = (
				FB12C68F2BFD951300B6E171 /* PBXTargetDependency */,
			);
			name = "Prepare Watch AppUITests";
			productName = "Prepare Watch AppUITests";
			productReference = FB12C68D2BFD951300B6E171 /* Prepare Watch AppUITests.xctest */;
			productType = "com.apple.product-type.bundle.ui-testing";
		};
/* End PBXNativeTarget section */

/* Begin PBXProject section */
		FB12C6432BFD951000B6E171 /* Project object */ = {
			isa = PBXProject;
			attributes = {
				BuildIndependentTargetsInParallel = 1;
				LastSwiftUpdateCheck = 1540;
				LastUpgradeCheck = 1540;
				TargetAttributes = {
					FB12C64A2BFD951100B6E171 = {
						CreatedOnToolsVersion = 15.4;
					};
					FB12C65A2BFD951200B6E171 = {
						CreatedOnToolsVersion = 15.4;
						TestTargetID = FB12C64A2BFD951100B6E171;
					};
					FB12C6642BFD951200B6E171 = {
						CreatedOnToolsVersion = 15.4;
						TestTargetID = FB12C64A2BFD951100B6E171;
					};
					FB12C6702BFD951200B6E171 = {
						CreatedOnToolsVersion = 15.4;
					};
					FB12C6822BFD951300B6E171 = {
						CreatedOnToolsVersion = 15.4;
						TestTargetID = FB12C6702BFD951200B6E171;
					};
					FB12C68C2BFD951300B6E171 = {
						CreatedOnToolsVersion = 15.4;
						TestTargetID = FB12C6702BFD951200B6E171;
					};
				};
			};
			buildConfigurationList = FB12C6462BFD951000B6E171 /* Build configuration list for PBXProject "Prepare" */;
			compatibilityVersion = "Xcode 14.0";
			developmentRegion = en;
			hasScannedForEncodings = 0;
			knownRegions = (
				en,
				Base,
			);
			mainGroup = FB12C6422BFD951000B6E171;
			productRefGroup = FB12C64C2BFD951100B6E171 /* Products */;
			projectDirPath = "";
			projectRoot = "";
			targets = (
				FB12C64A2BFD951100B6E171 /* Prepare */,
				FB12C65A2BFD951200B6E171 /* PrepareTests */,
				FB12C6642BFD951200B6E171 /* PrepareUITests */,
				FB12C6702BFD951200B6E171 /* Prepare Watch App */,
				FB12C6822BFD951300B6E171 /* Prepare Watch AppTests */,
				FB12C68C2BFD951300B6E171 /* Prepare Watch AppUITests */,
			);
		};
/* End PBXProject section */

/* Begin PBXResourcesBuildPhase section */
		FB12C6492BFD951100B6E171 /* Resources */ = {
			isa = PBXResourcesBuildPhase;
			buildActionMask = 2147483647;
			files = (
				FB12C6562BFD951200B6E171 /* Preview Assets.xcassets in Resources */,
				FB12C6532BFD951200B6E171 /* Assets.xcassets in Resources */,
			);
			runOnlyForDeploymentPostprocessing = 0;
		};
		FB12C6592BFD951200B6E171 /* Resources */ = {
			isa = PBXResourcesBuildPhase;
			buildActionMask = 2147483647;
			files = (
			);
			runOnlyForDeploymentPostprocessing = 0;
		};
		FB12C6632BFD951200B6E171 /* Resources */ = {
			isa = PBXResourcesBuildPhase;
			buildActionMask = 2147483647;
			files = (
			);
			runOnlyForDeploymentPostprocessing = 0;
		};
		FB12C66F2BFD951200B6E171 /* Resources */ = {
			isa = PBXResourcesBuildPhase;
			buildActionMask = 2147483647;
			files = (
				FB12C67E2BFD951300B6E171 /* Preview Assets.xcassets in Resources */,
				FB12C67B2BFD951300B6E171 /* Assets.xcassets in Resources */,
			);
			runOnlyForDeploymentPostprocessing = 0;
		};
		FB12C6812BFD951300B6E171 /* Resources */ = {
			isa = PBXResourcesBuildPhase;
			buildActionMask = 2147483647;
			files = (
			);
			runOnlyForDeploymentPostprocessing = 0;
		};
		FB12C68B2BFD951300B6E171 /* Resources */ = {
			isa = PBXResourcesBuildPhase;
			buildActionMask = 2147483647;
			files = (
			);
			runOnlyForDeploymentPostprocessing = 0;
		};
/* End PBXResourcesBuildPhase section */

/* Begin PBXSourcesBuildPhase section */
		FB12C6472BFD951100B6E171 /* Sources */ = {
			isa = PBXSourcesBuildPhase;
			buildActionMask = 2147483647;
			files = (
				FB12C6512BFD951100B6E171 /* ContentView.swift in Sources */,
				FB12C64F2BFD951100B6E171 /* PrepareApp.swift in Sources */,
			);
			runOnlyForDeploymentPostprocessing = 0;
		};
		FB12C6572BFD951200B6E171 /* Sources */ = {
			isa = PBXSourcesBuildPhase;
			buildActionMask = 2147483647;
			files = (
				FB12C6602BFD951200B6E171 /* PrepareTests.swift in Sources */,
			);
			runOnlyForDeploymentPostprocessing = 0;
		};
		FB12C6612BFD951200B6E171 /* Sources */ = {
			isa = PBXSourcesBuildPhase;
			buildActionMask = 2147483647;
			files = (
				FB12C66C2BFD951200B6E171 /* PrepareUITestsLaunchTests.swift in Sources */,
				FB12C66A2BFD951200B6E171 /* PrepareUITests.swift in Sources */,
			);
			runOnlyForDeploymentPostprocessing = 0;
		};
		FB12C66D2BFD951200B6E171 /* Sources */ = {
			isa = PBXSourcesBuildPhase;
			buildActionMask = 2147483647;
			files = (
				FB12C6792BFD951200B6E171 /* ContentView.swift in Sources */,
				FB12C6772BFD951200B6E171 /* PrepareApp.swift in Sources */,
			);
			runOnlyForDeploymentPostprocessing = 0;
		};
		FB12C67F2BFD951300B6E171 /* Sources */ = {
			isa = PBXSourcesBuildPhase;
			buildActionMask = 2147483647;
			files = (
				FB12C6882BFD951300B6E171 /* Prepare_Watch_AppTests.swift in Sources */,
			);
			runOnlyForDeploymentPostprocessing = 0;
		};
		FB12C6892BFD951300B6E171 /* Sources */ = {
			isa = PBXSourcesBuildPhase;
			buildActionMask = 2147483647;
			files = (
				FB12C6942BFD951300B6E171 /* Prepare_Watch_AppUITestsLaunchTests.swift in Sources */,
				FB12C6922BFD951300B6E171 /* Prepare_Watch_AppUITests.swift in Sources */,
			);
			runOnlyForDeploymentPostprocessing = 0;
		};
/* End PBXSourcesBuildPhase section */

/* Begin PBXTargetDependency section */
		FB12C65D2BFD951200B6E171 /* PBXTargetDependency */ = {
			isa = PBXTargetDependency;
			target = FB12C64A2BFD951100B6E171 /* Prepare */;
			targetProxy = FB12C65C2BFD951200B6E171 /* PBXContainerItemProxy */;
		};
		FB12C6672BFD951200B6E171 /* PBXTargetDependency */ = {
			isa = PBXTargetDependency;
			target = FB12C64A2BFD951100B6E171 /* Prepare */;
			targetProxy = FB12C6662BFD951200B6E171 /* PBXContainerItemProxy */;
		};
		FB12C6742BFD951200B6E171 /* PBXTargetDependency */ = {
			isa = PBXTargetDependency;
			target = FB12C6702BFD951200B6E171 /* Prepare Watch App */;
			targetProxy = FB12C6732BFD951200B6E171 /* PBXContainerItemProxy */;
		};
		FB12C6852BFD951300B6E171 /* PBXTargetDependency */ = {
			isa = PBXTargetDependency;
			target = FB12C6702BFD951200B6E171 /* Prepare Watch App */;
			targetProxy = FB12C6842BFD951300B6E171 /* PBXContainerItemProxy */;
		};
		FB12C68F2BFD951300B6E171 /* PBXTargetDependency */ = {
			isa = PBXTargetDependency;
			target = FB12C6702BFD951200B6E171 /* Prepare Watch App */;
			targetProxy = FB12C68E2BFD951300B6E171 /* PBXContainerItemProxy */;
		};
/* End PBXTargetDependency section */

/* Begin XCBuildConfiguration section */
		FB12C6952BFD951300B6E171 /* Debug */ = {
			isa = XCBuildConfiguration;
			buildSettings = {
				ALWAYS_SEARCH_USER_PATHS = NO;
				ASSETCATALOG_COMPILER_GENERATE_SWIFT_ASSET_SYMBOL_EXTENSIONS = YES;
				CLANG_ANALYZER_NONNULL = YES;
				CLANG_ANALYZER_NUMBER_OBJECT_CONVERSION = YES_AGGRESSIVE;
				CLANG_CXX_LANGUAGE_STANDARD = "gnu++20";
				CLANG_ENABLE_MODULES = YES;
				CLANG_ENABLE_OBJC_ARC = YES;
				CLANG_ENABLE_OBJC_WEAK = YES;
				CLANG_WARN_BLOCK_CAPTURE_AUTORELEASING = YES;
				CLANG_WARN_BOOL_CONVERSION = YES;
				CLANG_WARN_COMMA = YES;
				CLANG_WARN_CONSTANT_CONVERSION = YES;
				CLANG_WARN_DEPRECATED_OBJC_IMPLEMENTATIONS = YES;
				CLANG_WARN_DIRECT_OBJC_ISA_USAGE = YES_ERROR;
				CLANG_WARN_DOCUMENTATION_COMMENTS = YES;
				CLANG_WARN_EMPTY_BODY = YES;
				CLANG_WARN_ENUM_CONVERSION = YES;
				CLANG_WARN_INFINITE_RECURSION = YES;
				CLANG_WARN_INT_CONVERSION = YES;
				CLANG_WARN_NON_LITERAL_NULL_CONVERSION = YES;
				CLANG_WARN_OBJC_IMPLICIT_RETAIN_SELF = YES;
				CLANG_WARN_OBJC_LITERAL_CONVERSION = YES;
				CLANG_WARN_OBJC_ROOT_CLASS = YES_ERROR;
				CLANG_WARN_QUOTED_INCLUDE_IN_FRAMEWORK_HEADER = YES;
				CLANG_WARN_RANGE_LOOP_ANALYSIS = YES;
				CLANG_WARN_STRICT_PROTOTYPES = YES;
				CLANG_WARN_SUSPICIOUS_MOVE = YES;
				CLANG_WARN_UNGUARDED_AVAILABILITY = YES_AGGRESSIVE;
				CLANG_WARN_UNREACHABLE_CODE = YES;
				CLANG_WARN__DUPLICATE_METHOD_MATCH = YES;
				COPY_PHASE_STRIP = NO;
				DEBUG_INFORMATION_FORMAT = dwarf;
				ENABLE_STRICT_OBJC_MSGSEND = YES;
				ENABLE_TESTABILITY = YES;
				ENABLE_USER_SCRIPT_SANDBOXING = YES;
				GCC_C_LANGUAGE_STANDARD = gnu17;
				GCC_DYNAMIC_NO_PIC = NO;
				GCC_NO_COMMON_BLOCKS = YES;
				GCC_OPTIMIZATION_LEVEL = 0;
				GCC_PREPROCESSOR_DEFINITIONS = (
					"DEBUG=1",
					"$(inherited)",
				);
				GCC_WARN_64_TO_32_BIT_CONVERSION = YES;
				GCC_WARN_ABOUT_RETURN_TYPE = YES_ERROR;
				GCC_WARN_UNDECLARED_SELECTOR = YES;
				GCC_WARN_UNINITIALIZED_AUTOS = YES_AGGRESSIVE;
				GCC_WARN_UNUSED_FUNCTION = YES;
				GCC_WARN_UNUSED_VARIABLE = YES;
				LOCALIZATION_PREFERS_STRING_CATALOGS = YES;
				MTL_ENABLE_DEBUG_INFO = INCLUDE_SOURCE;
				MTL_FAST_MATH = YES;
				ONLY_ACTIVE_ARCH = YES;
				SWIFT_ACTIVE_COMPILATION_CONDITIONS = "DEBUG $(inherited)";
				SWIFT_OPTIMIZATION_LEVEL = "-Onone";
			};
			name = Debug;
		};
		FB12C6962BFD951300B6E171 /* Release */ = {
			isa = XCBuildConfiguration;
			buildSettings = {
				ALWAYS_SEARCH_USER_PATHS = NO;
				ASSETCATALOG_COMPILER_GENERATE_SWIFT_ASSET_SYMBOL_EXTENSIONS = YES;
				CLANG_ANALYZER_NONNULL = YES;
				CLANG_ANALYZER_NUMBER_OBJECT_CONVERSION = YES_AGGRESSIVE;
				CLANG_CXX_LANGUAGE_STANDARD = "gnu++20";
				CLANG_ENABLE_MODULES = YES;
				CLANG_ENABLE_OBJC_ARC = YES;
				CLANG_ENABLE_OBJC_WEAK = YES;
				CLANG_WARN_BLOCK_CAPTURE_AUTORELEASING = YES;
				CLANG_WARN_BOOL_CONVERSION = YES;
				CLANG_WARN_COMMA = YES;
				CLANG_WARN_CONSTANT_CONVERSION = YES;
				CLANG_WARN_DEPRECATED_OBJC_IMPLEMENTATIONS = YES;
				CLANG_WARN_DIRECT_OBJC_ISA_USAGE = YES_ERROR;
				CLANG_WARN_DOCUMENTATION_COMMENTS = YES;
				CLANG_WARN_EMPTY_BODY = YES;
				CLANG_WARN_ENUM_CONVERSION = YES;
				CLANG_WARN_INFINITE_RECURSION = YES;
				CLANG_WARN_INT_CONVERSION = YES;
				CLANG_WARN_NON_LITERAL_NULL_CONVERSION = YES;
				CLANG_WARN_OBJC_IMPLICIT_RETAIN_SELF = YES;
				CLANG_WARN_OBJC_LITERAL_CONVERSION = YES;
				CLANG_WARN_OBJC_ROOT_CLASS = YES_ERROR;
				CLANG_WARN_QUOTED_INCLUDE_IN_FRAMEWORK_HEADER = YES;
				CLANG_WARN_RANGE_LOOP_ANALYSIS = YES;
				CLANG_WARN_STRICT_PROTOTYPES = YES;
				CLANG_WARN_SUSPICIOUS_MOVE = YES;
				CLANG_WARN_UNGUARDED_AVAILABILITY = YES_AGGRESSIVE;
				CLANG_WARN_UNREACHABLE_CODE = YES;
				CLANG_WARN__DUPLICATE_METHOD_MATCH = YES;
				COPY_PHASE_STRIP = NO;
				DEBUG_INFORMATION_FORMAT = "dwarf-with-dsym";
				ENABLE_NS_ASSERTIONS = NO;
				ENABLE_STRICT_OBJC_MSGSEND = YES;
				ENABLE_USER_SCRIPT_SANDBOXING = YES;
				GCC_C_LANGUAGE_STANDARD = gnu17;
				GCC_NO_COMMON_BLOCKS = YES;
				GCC_WARN_64_TO_32_BIT_CONVERSION = YES;
				GCC_WARN_ABOUT_RETURN_TYPE = YES_ERROR;
				GCC_WARN_UNDECLARED_SELECTOR = YES;
				GCC_WARN_UNINITIALIZED_AUTOS = YES_AGGRESSIVE;
				GCC_WARN_UNUSED_FUNCTION = YES;
				GCC_WARN_UNUSED_VARIABLE = YES;
				LOCALIZATION_PREFERS_STRING_CATALOGS = YES;
				MTL_ENABLE_DEBUG_INFO = NO;
				MTL_FAST_MATH = YES;
				SWIFT_COMPILATION_MODE = wholemodule;
			};
			name = Release;
		};
		FB12C6982BFD951300B6E171 /* Debug */ = {
			isa = XCBuildConfiguration;
			buildSettings = {
				ASSETCATALOG_COMPILER_APPICON_NAME = AppIcon;
				ASSETCATALOG_COMPILER_GLOBAL_ACCENT_COLOR_NAME = AccentColor;
				CODE_SIGN_STYLE = Automatic;
				CURRENT_PROJECT_VERSION = 1;
				DEVELOPMENT_ASSET_PATHS = "\"Prepare Watch App/Preview Content\"";
				DEVELOPMENT_TEAM = 68FP6TZ275;
				ENABLE_PREVIEWS = YES;
				GENERATE_INFOPLIST_FILE = YES;
				INFOPLIST_KEY_CFBundleDisplayName = Prepare;
				INFOPLIST_KEY_UISupportedInterfaceOrientations = "UIInterfaceOrientationPortrait UIInterfaceOrientationPortraitUpsideDown";
				INFOPLIST_KEY_WKCompanionAppBundleIdentifier = godofsleepy.Prepare;
				LD_RUNPATH_SEARCH_PATHS = (
					"$(inherited)",
					"@executable_path/Frameworks",
				);
				MARKETING_VERSION = 1.0;
				PRODUCT_BUNDLE_IDENTIFIER = godofsleepy.Prepare.watchkitapp;
				PRODUCT_NAME = "$(TARGET_NAME)";
				SDKROOT = watchos;
				SKIP_INSTALL = YES;
				SWIFT_EMIT_LOC_STRINGS = YES;
				SWIFT_VERSION = 5.0;
				TARGETED_DEVICE_FAMILY = 4;
				WATCHOS_DEPLOYMENT_TARGET = 10.5;
			};
			name = Debug;
		};
		FB12C6992BFD951300B6E171 /* Release */ = {
			isa = XCBuildConfiguration;
			buildSettings = {
				ASSETCATALOG_COMPILER_APPICON_NAME = AppIcon;
				ASSETCATALOG_COMPILER_GLOBAL_ACCENT_COLOR_NAME = AccentColor;
				CODE_SIGN_STYLE = Automatic;
				CURRENT_PROJECT_VERSION = 1;
				DEVELOPMENT_ASSET_PATHS = "\"Prepare Watch App/Preview Content\"";
				DEVELOPMENT_TEAM = 68FP6TZ275;
				ENABLE_PREVIEWS = YES;
				GENERATE_INFOPLIST_FILE = YES;
				INFOPLIST_KEY_CFBundleDisplayName = Prepare;
				INFOPLIST_KEY_UISupportedInterfaceOrientations = "UIInterfaceOrientationPortrait UIInterfaceOrientationPortraitUpsideDown";
				INFOPLIST_KEY_WKCompanionAppBundleIdentifier = godofsleepy.Prepare;
				LD_RUNPATH_SEARCH_PATHS = (
					"$(inherited)",
					"@executable_path/Frameworks",
				);
				MARKETING_VERSION = 1.0;
				PRODUCT_BUNDLE_IDENTIFIER = godofsleepy.Prepare.watchkitapp;
				PRODUCT_NAME = "$(TARGET_NAME)";
				SDKROOT = watchos;
				SKIP_INSTALL = YES;
				SWIFT_EMIT_LOC_STRINGS = YES;
				SWIFT_VERSION = 5.0;
				TARGETED_DEVICE_FAMILY = 4;
				VALIDATE_PRODUCT = YES;
				WATCHOS_DEPLOYMENT_TARGET = 10.5;
			};
			name = Release;
		};
		FB12C69C2BFD951300B6E171 /* Debug */ = {
			isa = XCBuildConfiguration;
			buildSettings = {
				ALWAYS_EMBED_SWIFT_STANDARD_LIBRARIES = YES;
				ASSETCATALOG_COMPILER_APPICON_NAME = AppIcon;
				ASSETCATALOG_COMPILER_GLOBAL_ACCENT_COLOR_NAME = AccentColor;
				CODE_SIGN_STYLE = Automatic;
				CURRENT_PROJECT_VERSION = 1;
				DEVELOPMENT_ASSET_PATHS = "\"Prepare/Preview Content\"";
				DEVELOPMENT_TEAM = 68FP6TZ275;
				ENABLE_PREVIEWS = YES;
				GENERATE_INFOPLIST_FILE = YES;
				INFOPLIST_KEY_CFBundleDisplayName = Prepare;
				INFOPLIST_KEY_UIApplicationSceneManifest_Generation = YES;
				INFOPLIST_KEY_UIApplicationSupportsIndirectInputEvents = YES;
				INFOPLIST_KEY_UILaunchScreen_Generation = YES;
				INFOPLIST_KEY_UISupportedInterfaceOrientations_iPad = "UIInterfaceOrientationPortrait UIInterfaceOrientationPortraitUpsideDown UIInterfaceOrientationLandscapeLeft UIInterfaceOrientationLandscapeRight";
				INFOPLIST_KEY_UISupportedInterfaceOrientations_iPhone = "UIInterfaceOrientationPortrait UIInterfaceOrientationLandscapeLeft UIInterfaceOrientationLandscapeRight";
				IPHONEOS_DEPLOYMENT_TARGET = 17.5;
				LD_RUNPATH_SEARCH_PATHS = (
					"$(inherited)",
					"@executable_path/Frameworks",
				);
				MARKETING_VERSION = 1.0;
				PRODUCT_BUNDLE_IDENTIFIER = godofsleepy.Prepare;
				PRODUCT_NAME = "$(TARGET_NAME)";
				SDKROOT = iphoneos;
				SWIFT_EMIT_LOC_STRINGS = YES;
				SWIFT_VERSION = 5.0;
				TARGETED_DEVICE_FAMILY = "1,2";
			};
			name = Debug;
		};
		FB12C69D2BFD951300B6E171 /* Release */ = {
			isa = XCBuildConfiguration;
			buildSettings = {
				ALWAYS_EMBED_SWIFT_STANDARD_LIBRARIES = YES;
				ASSETCATALOG_COMPILER_APPICON_NAME = AppIcon;
				ASSETCATALOG_COMPILER_GLOBAL_ACCENT_COLOR_NAME = AccentColor;
				CODE_SIGN_STYLE = Automatic;
				CURRENT_PROJECT_VERSION = 1;
				DEVELOPMENT_ASSET_PATHS = "\"Prepare/Preview Content\"";
				DEVELOPMENT_TEAM = 68FP6TZ275;
				ENABLE_PREVIEWS = YES;
				GENERATE_INFOPLIST_FILE = YES;
				INFOPLIST_KEY_CFBundleDisplayName = Prepare;
				INFOPLIST_KEY_UIApplicationSceneManifest_Generation = YES;
				INFOPLIST_KEY_UIApplicationSupportsIndirectInputEvents = YES;
				INFOPLIST_KEY_UILaunchScreen_Generation = YES;
				INFOPLIST_KEY_UISupportedInterfaceOrientations_iPad = "UIInterfaceOrientationPortrait UIInterfaceOrientationPortraitUpsideDown UIInterfaceOrientationLandscapeLeft UIInterfaceOrientationLandscapeRight";
				INFOPLIST_KEY_UISupportedInterfaceOrientations_iPhone = "UIInterfaceOrientationPortrait UIInterfaceOrientationLandscapeLeft UIInterfaceOrientationLandscapeRight";
				IPHONEOS_DEPLOYMENT_TARGET = 17.5;
				LD_RUNPATH_SEARCH_PATHS = (
					"$(inherited)",
					"@executable_path/Frameworks",
				);
				MARKETING_VERSION = 1.0;
				PRODUCT_BUNDLE_IDENTIFIER = godofsleepy.Prepare;
				PRODUCT_NAME = "$(TARGET_NAME)";
				SDKROOT = iphoneos;
				SWIFT_EMIT_LOC_STRINGS = YES;
				SWIFT_VERSION = 5.0;
				TARGETED_DEVICE_FAMILY = "1,2";
				VALIDATE_PRODUCT = YES;
			};
			name = Release;
		};
		FB12C69F2BFD951300B6E171 /* Debug */ = {
			isa = XCBuildConfiguration;
			buildSettings = {
				ALWAYS_EMBED_SWIFT_STANDARD_LIBRARIES = YES;
				BUNDLE_LOADER = "$(TEST_HOST)";
				CODE_SIGN_STYLE = Automatic;
				CURRENT_PROJECT_VERSION = 1;
				DEVELOPMENT_TEAM = 68FP6TZ275;
				GENERATE_INFOPLIST_FILE = YES;
				IPHONEOS_DEPLOYMENT_TARGET = 17.5;
				MARKETING_VERSION = 1.0;
				PRODUCT_BUNDLE_IDENTIFIER = godofsleepy.PrepareTests;
				PRODUCT_NAME = "$(TARGET_NAME)";
				SDKROOT = iphoneos;
				SWIFT_EMIT_LOC_STRINGS = NO;
				SWIFT_VERSION = 5.0;
				TARGETED_DEVICE_FAMILY = "1,2";
				TEST_HOST = "$(BUILT_PRODUCTS_DIR)/Prepare.app/$(BUNDLE_EXECUTABLE_FOLDER_PATH)/Prepare";
			};
			name = Debug;
		};
		FB12C6A02BFD951300B6E171 /* Release */ = {
			isa = XCBuildConfiguration;
			buildSettings = {
				ALWAYS_EMBED_SWIFT_STANDARD_LIBRARIES = YES;
				BUNDLE_LOADER = "$(TEST_HOST)";
				CODE_SIGN_STYLE = Automatic;
				CURRENT_PROJECT_VERSION = 1;
				DEVELOPMENT_TEAM = 68FP6TZ275;
				GENERATE_INFOPLIST_FILE = YES;
				IPHONEOS_DEPLOYMENT_TARGET = 17.5;
				MARKETING_VERSION = 1.0;
				PRODUCT_BUNDLE_IDENTIFIER = godofsleepy.PrepareTests;
				PRODUCT_NAME = "$(TARGET_NAME)";
				SDKROOT = iphoneos;
				SWIFT_EMIT_LOC_STRINGS = NO;
				SWIFT_VERSION = 5.0;
				TARGETED_DEVICE_FAMILY = "1,2";
				TEST_HOST = "$(BUILT_PRODUCTS_DIR)/Prepare.app/$(BUNDLE_EXECUTABLE_FOLDER_PATH)/Prepare";
				VALIDATE_PRODUCT = YES;
			};
			name = Release;
		};
		FB12C6A22BFD951300B6E171 /* Debug */ = {
			isa = XCBuildConfiguration;
			buildSettings = {
				ALWAYS_EMBED_SWIFT_STANDARD_LIBRARIES = YES;
				CODE_SIGN_STYLE = Automatic;
				CURRENT_PROJECT_VERSION = 1;
				DEVELOPMENT_TEAM = 68FP6TZ275;
				GENERATE_INFOPLIST_FILE = YES;
				IPHONEOS_DEPLOYMENT_TARGET = 17.5;
				MARKETING_VERSION = 1.0;
				PRODUCT_BUNDLE_IDENTIFIER = godofsleepy.PrepareUITests;
				PRODUCT_NAME = "$(TARGET_NAME)";
				SDKROOT = iphoneos;
				SWIFT_EMIT_LOC_STRINGS = NO;
				SWIFT_VERSION = 5.0;
				TARGETED_DEVICE_FAMILY = "1,2";
				TEST_TARGET_NAME = Prepare;
			};
			name = Debug;
		};
		FB12C6A32BFD951300B6E171 /* Release */ = {
			isa = XCBuildConfiguration;
			buildSettings = {
				ALWAYS_EMBED_SWIFT_STANDARD_LIBRARIES = YES;
				CODE_SIGN_STYLE = Automatic;
				CURRENT_PROJECT_VERSION = 1;
				DEVELOPMENT_TEAM = 68FP6TZ275;
				GENERATE_INFOPLIST_FILE = YES;
				IPHONEOS_DEPLOYMENT_TARGET = 17.5;
				MARKETING_VERSION = 1.0;
				PRODUCT_BUNDLE_IDENTIFIER = godofsleepy.PrepareUITests;
				PRODUCT_NAME = "$(TARGET_NAME)";
				SDKROOT = iphoneos;
				SWIFT_EMIT_LOC_STRINGS = NO;
				SWIFT_VERSION = 5.0;
				TARGETED_DEVICE_FAMILY = "1,2";
				TEST_TARGET_NAME = Prepare;
				VALIDATE_PRODUCT = YES;
			};
			name = Release;
		};
		FB12C6A52BFD951300B6E171 /* Debug */ = {
			isa = XCBuildConfiguration;
			buildSettings = {
				ALWAYS_EMBED_SWIFT_STANDARD_LIBRARIES = YES;
				BUNDLE_LOADER = "$(TEST_HOST)";
				CODE_SIGN_STYLE = Automatic;
				CURRENT_PROJECT_VERSION = 1;
				DEVELOPMENT_TEAM = 68FP6TZ275;
				GENERATE_INFOPLIST_FILE = YES;
				MARKETING_VERSION = 1.0;
				PRODUCT_BUNDLE_IDENTIFIER = "godofsleepy.Prepare-Watch-AppTests";
				PRODUCT_NAME = "$(TARGET_NAME)";
				SDKROOT = watchos;
				SWIFT_EMIT_LOC_STRINGS = NO;
				SWIFT_VERSION = 5.0;
				TARGETED_DEVICE_FAMILY = 4;
				TEST_HOST = "$(BUILT_PRODUCTS_DIR)/Prepare Watch App.app/$(BUNDLE_EXECUTABLE_FOLDER_PATH)/Prepare Watch App";
				WATCHOS_DEPLOYMENT_TARGET = 10.5;
			};
			name = Debug;
		};
		FB12C6A62BFD951300B6E171 /* Release */ = {
			isa = XCBuildConfiguration;
			buildSettings = {
				ALWAYS_EMBED_SWIFT_STANDARD_LIBRARIES = YES;
				BUNDLE_LOADER = "$(TEST_HOST)";
				CODE_SIGN_STYLE = Automatic;
				CURRENT_PROJECT_VERSION = 1;
				DEVELOPMENT_TEAM = 68FP6TZ275;
				GENERATE_INFOPLIST_FILE = YES;
				MARKETING_VERSION = 1.0;
				PRODUCT_BUNDLE_IDENTIFIER = "godofsleepy.Prepare-Watch-AppTests";
				PRODUCT_NAME = "$(TARGET_NAME)";
				SDKROOT = watchos;
				SWIFT_EMIT_LOC_STRINGS = NO;
				SWIFT_VERSION = 5.0;
				TARGETED_DEVICE_FAMILY = 4;
				TEST_HOST = "$(BUILT_PRODUCTS_DIR)/Prepare Watch App.app/$(BUNDLE_EXECUTABLE_FOLDER_PATH)/Prepare Watch App";
				VALIDATE_PRODUCT = YES;
				WATCHOS_DEPLOYMENT_TARGET = 10.5;
			};
			name = Release;
		};
		FB12C6A82BFD951300B6E171 /* Debug */ = {
			isa = XCBuildConfiguration;
			buildSettings = {
				ALWAYS_EMBED_SWIFT_STANDARD_LIBRARIES = YES;
				CODE_SIGN_STYLE = Automatic;
				CURRENT_PROJECT_VERSION = 1;
				DEVELOPMENT_TEAM = 68FP6TZ275;
				GENERATE_INFOPLIST_FILE = YES;
				MARKETING_VERSION = 1.0;
				PRODUCT_BUNDLE_IDENTIFIER = "godofsleepy.Prepare-Watch-AppUITests";
				PRODUCT_NAME = "$(TARGET_NAME)";
				SDKROOT = watchos;
				SWIFT_EMIT_LOC_STRINGS = NO;
				SWIFT_VERSION = 5.0;
				TARGETED_DEVICE_FAMILY = 4;
				TEST_TARGET_NAME = "Prepare Watch App";
				WATCHOS_DEPLOYMENT_TARGET = 10.5;
			};
			name = Debug;
		};
		FB12C6A92BFD951300B6E171 /* Release */ = {
			isa = XCBuildConfiguration;
			buildSettings = {
				ALWAYS_EMBED_SWIFT_STANDARD_LIBRARIES = YES;
				CODE_SIGN_STYLE = Automatic;
				CURRENT_PROJECT_VERSION = 1;
				DEVELOPMENT_TEAM = 68FP6TZ275;
				GENERATE_INFOPLIST_FILE = YES;
				MARKETING_VERSION = 1.0;
				PRODUCT_BUNDLE_IDENTIFIER = "godofsleepy.Prepare-Watch-AppUITests";
				PRODUCT_NAME = "$(TARGET_NAME)";
				SDKROOT = watchos;
				SWIFT_EMIT_LOC_STRINGS = NO;
				SWIFT_VERSION = 5.0;
				TARGETED_DEVICE_FAMILY = 4;
				TEST_TARGET_NAME = "Prepare Watch App";
				VALIDATE_PRODUCT = YES;
				WATCHOS_DEPLOYMENT_TARGET = 10.5;
			};
			name = Release;
		};
/* End XCBuildConfiguration section */

/* Begin XCConfigurationList section */
		FB12C6462BFD951000B6E171 /* Build configuration list for PBXProject "Prepare" */ = {
			isa = XCConfigurationList;
			buildConfigurations = (
				FB12C6952BFD951300B6E171 /* Debug */,
				FB12C6962BFD951300B6E171 /* Release */,
			);
			defaultConfigurationIsVisible = 0;
			defaultConfigurationName = Release;
		};
		FB12C6972BFD951300B6E171 /* Build configuration list for PBXNativeTarget "Prepare Watch App" */ = {
			isa = XCConfigurationList;
			buildConfigurations = (
				FB12C6982BFD951300B6E171 /* Debug */,
				FB12C6992BFD951300B6E171 /* Release */,
			);
			defaultConfigurationIsVisible = 0;
			defaultConfigurationName = Release;
		};
		FB12C69B2BFD951300B6E171 /* Build configuration list for PBXNativeTarget "Prepare" */ = {
			isa = XCConfigurationList;
			buildConfigurations = (
				FB12C69C2BFD951300B6E171 /* Debug */,
				FB12C69D2BFD951300B6E171 /* Release */,
			);
			defaultConfigurationIsVisible = 0;
			defaultConfigurationName = Release;
		};
		FB12C69E2BFD951300B6E171 /* Build configuration list for PBXNativeTarget "PrepareTests" */ = {
			isa = XCConfigurationList;
			buildConfigurations = (
				FB12C69F2BFD951300B6E171 /* Debug */,
				FB12C6A02BFD951300B6E171 /* Release */,
			);
			defaultConfigurationIsVisible = 0;
			defaultConfigurationName = Release;
		};
		FB12C6A12BFD951300B6E171 /* Build configuration list for PBXNativeTarget "PrepareUITests" */ = {
			isa = XCConfigurationList;
			buildConfigurations = (
				FB12C6A22BFD951300B6E171 /* Debug */,
				FB12C6A32BFD951300B6E171 /* Release */,
			);
			defaultConfigurationIsVisible = 0;
			defaultConfigurationName = Release;
		};
		FB12C6A42BFD951300B6E171 /* Build configuration list for PBXNativeTarget "Prepare Watch AppTests" */ = {
			isa = XCConfigurationList;
			buildConfigurations = (
				FB12C6A52BFD951300B6E171 /* Debug */,
				FB12C6A62BFD951300B6E171 /* Release */,
			);
			defaultConfigurationIsVisible = 0;
			defaultConfigurationName = Release;
		};
		FB12C6A72BFD951300B6E171 /* Build configuration list for PBXNativeTarget "Prepare Watch AppUITests" */ = {
			isa = XCConfigurationList;
			buildConfigurations = (
				FB12C6A82BFD951300B6E171 /* Debug */,
				FB12C6A92BFD951300B6E171 /* Release */,
			);
			defaultConfigurationIsVisible = 0;
			defaultConfigurationName = Release;
		};
/* End XCConfigurationList section */
	};
	rootObject = FB12C6432BFD951000B6E171 /* Project object */;
}
